// !$*UTF8*$!
{
	archiveVersion = 1;
	classes = {
	};
	objectVersion = 47;
	objects = {

/* Begin PBXBuildFile section */
		526269401FF02D37009E2EC3 /* AppDelegate.swift in Sources */ = {isa = PBXBuildFile; fileRef = 5262693F1FF02D37009E2EC3 /* AppDelegate.swift */; };
		526269421FF02D37009E2EC3 /* ViewController.swift in Sources */ = {isa = PBXBuildFile; fileRef = 526269411FF02D37009E2EC3 /* ViewController.swift */; };
		526269451FF02D37009E2EC3 /* Main.storyboard in Resources */ = {isa = PBXBuildFile; fileRef = 526269431FF02D37009E2EC3 /* Main.storyboard */; };
		526269471FF02D37009E2EC3 /* Assets.xcassets in Resources */ = {isa = PBXBuildFile; fileRef = 526269461FF02D37009E2EC3 /* Assets.xcassets */; };
		5262694A1FF02D37009E2EC3 /* LaunchScreen.storyboard in Resources */ = {isa = PBXBuildFile; fileRef = 526269481FF02D37009E2EC3 /* LaunchScreen.storyboard */; };
		526269551FF02D5B009E2EC3 /* Interface.storyboard in Resources */ = {isa = PBXBuildFile; fileRef = 526269531FF02D5B009E2EC3 /* Interface.storyboard */; };
		526269571FF02D5B009E2EC3 /* Assets.xcassets in Resources */ = {isa = PBXBuildFile; fileRef = 526269561FF02D5B009E2EC3 /* Assets.xcassets */; };
		5262695E1FF02D5C009E2EC3 /* yearglass-watchOS Extension.appex in Embed App Extensions */ = {isa = PBXBuildFile; fileRef = 5262695D1FF02D5C009E2EC3 /* yearglass-watchOS Extension.appex */; settings = {ATTRIBUTES = (RemoveHeadersOnCopy, ); }; };
		526269631FF02D5C009E2EC3 /* InterfaceController.swift in Sources */ = {isa = PBXBuildFile; fileRef = 526269621FF02D5C009E2EC3 /* InterfaceController.swift */; };
		526269651FF02D5C009E2EC3 /* ExtensionDelegate.swift in Sources */ = {isa = PBXBuildFile; fileRef = 526269641FF02D5C009E2EC3 /* ExtensionDelegate.swift */; };
		526269671FF02D5C009E2EC3 /* NotificationController.swift in Sources */ = {isa = PBXBuildFile; fileRef = 526269661FF02D5C009E2EC3 /* NotificationController.swift */; };
		526269691FF02D5C009E2EC3 /* ComplicationController.swift in Sources */ = {isa = PBXBuildFile; fileRef = 526269681FF02D5C009E2EC3 /* ComplicationController.swift */; };
		5262696B1FF02D5C009E2EC3 /* Assets.xcassets in Resources */ = {isa = PBXBuildFile; fileRef = 5262696A1FF02D5C009E2EC3 /* Assets.xcassets */; };
		526269701FF02D5C009E2EC3 /* yearglass-watchOS.app in Embed Watch Content */ = {isa = PBXBuildFile; fileRef = 526269511FF02D5B009E2EC3 /* yearglass-watchOS.app */; };
		526269801FF02D7B009E2EC3 /* AppDelegate.swift in Sources */ = {isa = PBXBuildFile; fileRef = 5262697F1FF02D7B009E2EC3 /* AppDelegate.swift */; };
		526269821FF02D7B009E2EC3 /* ViewController.swift in Sources */ = {isa = PBXBuildFile; fileRef = 526269811FF02D7B009E2EC3 /* ViewController.swift */; };
		526269851FF02D7B009E2EC3 /* Main.storyboard in Resources */ = {isa = PBXBuildFile; fileRef = 526269831FF02D7B009E2EC3 /* Main.storyboard */; };
		526269871FF02D7C009E2EC3 /* Assets.xcassets in Resources */ = {isa = PBXBuildFile; fileRef = 526269861FF02D7C009E2EC3 /* Assets.xcassets */; };
		526269931FF02DA0009E2EC3 /* AppDelegate.swift in Sources */ = {isa = PBXBuildFile; fileRef = 526269921FF02DA0009E2EC3 /* AppDelegate.swift */; };
		526269951FF02DA0009E2EC3 /* ViewController.swift in Sources */ = {isa = PBXBuildFile; fileRef = 526269941FF02DA0009E2EC3 /* ViewController.swift */; };
		526269971FF02DA0009E2EC3 /* Assets.xcassets in Resources */ = {isa = PBXBuildFile; fileRef = 526269961FF02DA0009E2EC3 /* Assets.xcassets */; };
		5262699A1FF02DA0009E2EC3 /* Main.storyboard in Resources */ = {isa = PBXBuildFile; fileRef = 526269981FF02DA0009E2EC3 /* Main.storyboard */; };
		526269A71FF02DC0009E2EC3 /* main.swift in Sources */ = {isa = PBXBuildFile; fileRef = 526269A61FF02DC0009E2EC3 /* main.swift */; };
		526269B31FF02E0A009E2EC3 /* yearglass_macOS_Screen_SaverView.h in Headers */ = {isa = PBXBuildFile; fileRef = 526269B21FF02E0A009E2EC3 /* yearglass_macOS_Screen_SaverView.h */; };
		526269B51FF02E0B009E2EC3 /* yearglass_macOS_Screen_SaverView.m in Sources */ = {isa = PBXBuildFile; fileRef = 526269B41FF02E0B009E2EC3 /* yearglass_macOS_Screen_SaverView.m */; };
		526269BC1FF02E78009E2EC3 /* CLI.swift in Sources */ = {isa = PBXBuildFile; fileRef = 526269BA1FF02E78009E2EC3 /* CLI.swift */; };
		526269BD1FF02E78009E2EC3 /* YearglassOption.swift in Sources */ = {isa = PBXBuildFile; fileRef = 526269BB1FF02E78009E2EC3 /* YearglassOption.swift */; };
		526269C51FF02F36009E2EC3 /* Messages.framework in Frameworks */ = {isa = PBXBuildFile; fileRef = 526269C41FF02F36009E2EC3 /* Messages.framework */; };
		526269C81FF02F36009E2EC3 /* MessagesViewController.swift in Sources */ = {isa = PBXBuildFile; fileRef = 526269C71FF02F36009E2EC3 /* MessagesViewController.swift */; };
		526269CB1FF02F36009E2EC3 /* MainInterface.storyboard in Resources */ = {isa = PBXBuildFile; fileRef = 526269C91FF02F36009E2EC3 /* MainInterface.storyboard */; };
		526269CD1FF02F36009E2EC3 /* Assets.xcassets in Resources */ = {isa = PBXBuildFile; fileRef = 526269CC1FF02F36009E2EC3 /* Assets.xcassets */; };
		526269D11FF02F36009E2EC3 /* yearglass-iOS iMessage Extension.appex in Embed App Extensions */ = {isa = PBXBuildFile; fileRef = 526269C21FF02F36009E2EC3 /* yearglass-iOS iMessage Extension.appex */; settings = {ATTRIBUTES = (RemoveHeadersOnCopy, ); }; };
		526269DC1FF02F49009E2EC3 /* NotificationCenter.framework in Frameworks */ = {isa = PBXBuildFile; fileRef = 526269DB1FF02F49009E2EC3 /* NotificationCenter.framework */; };
		526269DF1FF02F49009E2EC3 /* TodayViewController.swift in Sources */ = {isa = PBXBuildFile; fileRef = 526269DE1FF02F49009E2EC3 /* TodayViewController.swift */; };
		526269E21FF02F49009E2EC3 /* MainInterface.storyboard in Resources */ = {isa = PBXBuildFile; fileRef = 526269E01FF02F49009E2EC3 /* MainInterface.storyboard */; };
		526269E61FF02F49009E2EC3 /* yearglass-iOS Today Extension.appex in Embed App Extensions */ = {isa = PBXBuildFile; fileRef = 526269DA1FF02F49009E2EC3 /* yearglass-iOS Today Extension.appex */; settings = {ATTRIBUTES = (RemoveHeadersOnCopy, ); }; };
		526269EF1FF02FAD009E2EC3 /* NotificationCenter.framework in Frameworks */ = {isa = PBXBuildFile; fileRef = 526269DB1FF02F49009E2EC3 /* NotificationCenter.framework */; };
		526269F21FF02FAD009E2EC3 /* TodayViewController.swift in Sources */ = {isa = PBXBuildFile; fileRef = 526269F11FF02FAD009E2EC3 /* TodayViewController.swift */; };
		526269F51FF02FAD009E2EC3 /* TodayViewController.xib in Resources */ = {isa = PBXBuildFile; fileRef = 526269F31FF02FAD009E2EC3 /* TodayViewController.xib */; };
		526269F91FF02FAD009E2EC3 /* InfoPlist.strings in Resources */ = {isa = PBXBuildFile; fileRef = 526269F71FF02FAD009E2EC3 /* InfoPlist.strings */; };
		526269FD1FF02FAD009E2EC3 /* yearglass-macOS Today Extension.appex in Embed App Extensions */ = {isa = PBXBuildFile; fileRef = 526269EE1FF02FAC009E2EC3 /* yearglass-macOS Today Extension.appex */; settings = {ATTRIBUTES = (RemoveHeadersOnCopy, ); }; };
/* End PBXBuildFile section */

/* Begin PBXContainerItemProxy section */
		5262695F1FF02D5C009E2EC3 /* PBXContainerItemProxy */ = {
			isa = PBXContainerItemProxy;
			containerPortal = 526269321FF02CD9009E2EC3 /* Project object */;
			proxyType = 1;
			remoteGlobalIDString = 5262695C1FF02D5C009E2EC3;
			remoteInfo = "yearglass-watchOS Extension";
		};
		5262696E1FF02D5C009E2EC3 /* PBXContainerItemProxy */ = {
			isa = PBXContainerItemProxy;
			containerPortal = 526269321FF02CD9009E2EC3 /* Project object */;
			proxyType = 1;
			remoteGlobalIDString = 526269501FF02D5B009E2EC3;
			remoteInfo = "yearglass-watchOS";
		};
		526269CF1FF02F36009E2EC3 /* PBXContainerItemProxy */ = {
			isa = PBXContainerItemProxy;
			containerPortal = 526269321FF02CD9009E2EC3 /* Project object */;
			proxyType = 1;
			remoteGlobalIDString = 526269C11FF02F36009E2EC3;
			remoteInfo = "yearglass-iOS iMessage Extension";
		};
		526269E41FF02F49009E2EC3 /* PBXContainerItemProxy */ = {
			isa = PBXContainerItemProxy;
			containerPortal = 526269321FF02CD9009E2EC3 /* Project object */;
			proxyType = 1;
			remoteGlobalIDString = 526269D91FF02F49009E2EC3;
			remoteInfo = "yearglass-iOS Today Extension";
		};
		526269FB1FF02FAD009E2EC3 /* PBXContainerItemProxy */ = {
			isa = PBXContainerItemProxy;
			containerPortal = 526269321FF02CD9009E2EC3 /* Project object */;
			proxyType = 1;
			remoteGlobalIDString = 526269ED1FF02FAC009E2EC3;
			remoteInfo = "yearglass-macOS Today Extension";
		};
/* End PBXContainerItemProxy section */

/* Begin PBXCopyFilesBuildPhase section */
		526269741FF02D5C009E2EC3 /* Embed App Extensions */ = {
			isa = PBXCopyFilesBuildPhase;
			buildActionMask = 2147483647;
			dstPath = "";
			dstSubfolderSpec = 13;
			files = (
				5262695E1FF02D5C009E2EC3 /* yearglass-watchOS Extension.appex in Embed App Extensions */,
			);
			name = "Embed App Extensions";
			runOnlyForDeploymentPostprocessing = 0;
		};
		526269781FF02D5C009E2EC3 /* Embed Watch Content */ = {
			isa = PBXCopyFilesBuildPhase;
			buildActionMask = 2147483647;
			dstPath = "$(CONTENTS_FOLDER_PATH)/Watch";
			dstSubfolderSpec = 16;
			files = (
				526269701FF02D5C009E2EC3 /* yearglass-watchOS.app in Embed Watch Content */,
			);
			name = "Embed Watch Content";
			runOnlyForDeploymentPostprocessing = 0;
		};
		526269A21FF02DC0009E2EC3 /* CopyFiles */ = {
			isa = PBXCopyFilesBuildPhase;
			buildActionMask = 2147483647;
			dstPath = /usr/share/man/man1/;
			dstSubfolderSpec = 0;
			files = (
			);
			runOnlyForDeploymentPostprocessing = 1;
		};
		526269D51FF02F36009E2EC3 /* Embed App Extensions */ = {
			isa = PBXCopyFilesBuildPhase;
			buildActionMask = 2147483647;
			dstPath = "";
			dstSubfolderSpec = 13;
			files = (
				526269E61FF02F49009E2EC3 /* yearglass-iOS Today Extension.appex in Embed App Extensions */,
				526269D11FF02F36009E2EC3 /* yearglass-iOS iMessage Extension.appex in Embed App Extensions */,
			);
			name = "Embed App Extensions";
			runOnlyForDeploymentPostprocessing = 0;
		};
		52626A011FF02FAD009E2EC3 /* Embed App Extensions */ = {
			isa = PBXCopyFilesBuildPhase;
			buildActionMask = 2147483647;
			dstPath = "";
			dstSubfolderSpec = 13;
			files = (
				526269FD1FF02FAD009E2EC3 /* yearglass-macOS Today Extension.appex in Embed App Extensions */,
			);
			name = "Embed App Extensions";
			runOnlyForDeploymentPostprocessing = 0;
		};
/* End PBXCopyFilesBuildPhase section */

/* Begin PBXFileReference section */
		5262693C1FF02D37009E2EC3 /* yearglass-iOS.app */ = {isa = PBXFileReference; explicitFileType = wrapper.application; includeInIndex = 0; path = "yearglass-iOS.app"; sourceTree = BUILT_PRODUCTS_DIR; };
		5262693F1FF02D37009E2EC3 /* AppDelegate.swift */ = {isa = PBXFileReference; lastKnownFileType = sourcecode.swift; path = AppDelegate.swift; sourceTree = "<group>"; };
		526269411FF02D37009E2EC3 /* ViewController.swift */ = {isa = PBXFileReference; lastKnownFileType = sourcecode.swift; path = ViewController.swift; sourceTree = "<group>"; };
		526269441FF02D37009E2EC3 /* Base */ = {isa = PBXFileReference; lastKnownFileType = file.storyboard; name = Base; path = Base.lproj/Main.storyboard; sourceTree = "<group>"; };
		526269461FF02D37009E2EC3 /* Assets.xcassets */ = {isa = PBXFileReference; lastKnownFileType = folder.assetcatalog; path = Assets.xcassets; sourceTree = "<group>"; };
		526269491FF02D37009E2EC3 /* Base */ = {isa = PBXFileReference; lastKnownFileType = file.storyboard; name = Base; path = Base.lproj/LaunchScreen.storyboard; sourceTree = "<group>"; };
		5262694B1FF02D37009E2EC3 /* Info.plist */ = {isa = PBXFileReference; lastKnownFileType = text.plist.xml; path = Info.plist; sourceTree = "<group>"; };
		526269511FF02D5B009E2EC3 /* yearglass-watchOS.app */ = {isa = PBXFileReference; explicitFileType = wrapper.application; includeInIndex = 0; path = "yearglass-watchOS.app"; sourceTree = BUILT_PRODUCTS_DIR; };
		526269541FF02D5B009E2EC3 /* Base */ = {isa = PBXFileReference; lastKnownFileType = file.storyboard; name = Base; path = Base.lproj/Interface.storyboard; sourceTree = "<group>"; };
		526269561FF02D5B009E2EC3 /* Assets.xcassets */ = {isa = PBXFileReference; lastKnownFileType = folder.assetcatalog; path = Assets.xcassets; sourceTree = "<group>"; };
		526269581FF02D5B009E2EC3 /* Info.plist */ = {isa = PBXFileReference; lastKnownFileType = text.plist.xml; path = Info.plist; sourceTree = "<group>"; };
		5262695D1FF02D5C009E2EC3 /* yearglass-watchOS Extension.appex */ = {isa = PBXFileReference; explicitFileType = "wrapper.app-extension"; includeInIndex = 0; path = "yearglass-watchOS Extension.appex"; sourceTree = BUILT_PRODUCTS_DIR; };
		526269621FF02D5C009E2EC3 /* InterfaceController.swift */ = {isa = PBXFileReference; lastKnownFileType = sourcecode.swift; path = InterfaceController.swift; sourceTree = "<group>"; };
		526269641FF02D5C009E2EC3 /* ExtensionDelegate.swift */ = {isa = PBXFileReference; lastKnownFileType = sourcecode.swift; path = ExtensionDelegate.swift; sourceTree = "<group>"; };
		526269661FF02D5C009E2EC3 /* NotificationController.swift */ = {isa = PBXFileReference; lastKnownFileType = sourcecode.swift; path = NotificationController.swift; sourceTree = "<group>"; };
		526269681FF02D5C009E2EC3 /* ComplicationController.swift */ = {isa = PBXFileReference; lastKnownFileType = sourcecode.swift; path = ComplicationController.swift; sourceTree = "<group>"; };
		5262696A1FF02D5C009E2EC3 /* Assets.xcassets */ = {isa = PBXFileReference; lastKnownFileType = folder.assetcatalog; path = Assets.xcassets; sourceTree = "<group>"; };
		5262696C1FF02D5C009E2EC3 /* Info.plist */ = {isa = PBXFileReference; lastKnownFileType = text.plist.xml; path = Info.plist; sourceTree = "<group>"; };
		5262696D1FF02D5C009E2EC3 /* PushNotificationPayload.apns */ = {isa = PBXFileReference; lastKnownFileType = text; path = PushNotificationPayload.apns; sourceTree = "<group>"; };
		5262697D1FF02D7B009E2EC3 /* yearglass-tvOS.app */ = {isa = PBXFileReference; explicitFileType = wrapper.application; includeInIndex = 0; path = "yearglass-tvOS.app"; sourceTree = BUILT_PRODUCTS_DIR; };
		5262697F1FF02D7B009E2EC3 /* AppDelegate.swift */ = {isa = PBXFileReference; lastKnownFileType = sourcecode.swift; path = AppDelegate.swift; sourceTree = "<group>"; };
		526269811FF02D7B009E2EC3 /* ViewController.swift */ = {isa = PBXFileReference; lastKnownFileType = sourcecode.swift; path = ViewController.swift; sourceTree = "<group>"; };
		526269841FF02D7B009E2EC3 /* Base */ = {isa = PBXFileReference; lastKnownFileType = file.storyboard; name = Base; path = Base.lproj/Main.storyboard; sourceTree = "<group>"; };
		526269861FF02D7C009E2EC3 /* Assets.xcassets */ = {isa = PBXFileReference; lastKnownFileType = folder.assetcatalog; path = Assets.xcassets; sourceTree = "<group>"; };
		526269881FF02D7C009E2EC3 /* Info.plist */ = {isa = PBXFileReference; lastKnownFileType = text.plist.xml; path = Info.plist; sourceTree = "<group>"; };
		526269901FF02DA0009E2EC3 /* yearglass-macOS.app */ = {isa = PBXFileReference; explicitFileType = wrapper.application; includeInIndex = 0; path = "yearglass-macOS.app"; sourceTree = BUILT_PRODUCTS_DIR; };
		526269921FF02DA0009E2EC3 /* AppDelegate.swift */ = {isa = PBXFileReference; lastKnownFileType = sourcecode.swift; path = AppDelegate.swift; sourceTree = "<group>"; };
		526269941FF02DA0009E2EC3 /* ViewController.swift */ = {isa = PBXFileReference; lastKnownFileType = sourcecode.swift; path = ViewController.swift; sourceTree = "<group>"; };
		526269961FF02DA0009E2EC3 /* Assets.xcassets */ = {isa = PBXFileReference; lastKnownFileType = folder.assetcatalog; path = Assets.xcassets; sourceTree = "<group>"; };
		526269991FF02DA0009E2EC3 /* Base */ = {isa = PBXFileReference; lastKnownFileType = file.storyboard; name = Base; path = Base.lproj/Main.storyboard; sourceTree = "<group>"; };
		5262699B1FF02DA0009E2EC3 /* Info.plist */ = {isa = PBXFileReference; lastKnownFileType = text.plist.xml; path = Info.plist; sourceTree = "<group>"; };
		5262699C1FF02DA0009E2EC3 /* yearglass_macOS.entitlements */ = {isa = PBXFileReference; lastKnownFileType = text.plist.entitlements; path = yearglass_macOS.entitlements; sourceTree = "<group>"; };
		526269A41FF02DC0009E2EC3 /* yearglass-cli */ = {isa = PBXFileReference; explicitFileType = "compiled.mach-o.executable"; includeInIndex = 0; path = "yearglass-cli"; sourceTree = BUILT_PRODUCTS_DIR; };
		526269A61FF02DC0009E2EC3 /* main.swift */ = {isa = PBXFileReference; lastKnownFileType = sourcecode.swift; path = main.swift; sourceTree = "<group>"; };
		526269B01FF02E0A009E2EC3 /* yearglass-macOS Screen Saver.saver */ = {isa = PBXFileReference; explicitFileType = wrapper.cfbundle; includeInIndex = 0; path = "yearglass-macOS Screen Saver.saver"; sourceTree = BUILT_PRODUCTS_DIR; };
		526269B21FF02E0A009E2EC3 /* yearglass_macOS_Screen_SaverView.h */ = {isa = PBXFileReference; lastKnownFileType = sourcecode.c.h; path = yearglass_macOS_Screen_SaverView.h; sourceTree = "<group>"; };
		526269B41FF02E0B009E2EC3 /* yearglass_macOS_Screen_SaverView.m */ = {isa = PBXFileReference; lastKnownFileType = sourcecode.c.objc; path = yearglass_macOS_Screen_SaverView.m; sourceTree = "<group>"; };
		526269B61FF02E0B009E2EC3 /* Info.plist */ = {isa = PBXFileReference; lastKnownFileType = text.plist.xml; path = Info.plist; sourceTree = "<group>"; };
		526269BA1FF02E78009E2EC3 /* CLI.swift */ = {isa = PBXFileReference; fileEncoding = 4; lastKnownFileType = sourcecode.swift; path = CLI.swift; sourceTree = "<group>"; };
		526269BB1FF02E78009E2EC3 /* YearglassOption.swift */ = {isa = PBXFileReference; fileEncoding = 4; lastKnownFileType = sourcecode.swift; path = YearglassOption.swift; sourceTree = "<group>"; };
		526269C21FF02F36009E2EC3 /* yearglass-iOS iMessage Extension.appex */ = {isa = PBXFileReference; explicitFileType = "wrapper.app-extension"; includeInIndex = 0; path = "yearglass-iOS iMessage Extension.appex"; sourceTree = BUILT_PRODUCTS_DIR; };
		526269C41FF02F36009E2EC3 /* Messages.framework */ = {isa = PBXFileReference; lastKnownFileType = wrapper.framework; name = Messages.framework; path = Library/Frameworks/Messages.framework; sourceTree = DEVELOPER_DIR; };
		526269C71FF02F36009E2EC3 /* MessagesViewController.swift */ = {isa = PBXFileReference; lastKnownFileType = sourcecode.swift; path = MessagesViewController.swift; sourceTree = "<group>"; };
		526269CA1FF02F36009E2EC3 /* Base */ = {isa = PBXFileReference; lastKnownFileType = file.storyboard; name = Base; path = Base.lproj/MainInterface.storyboard; sourceTree = "<group>"; };
		526269CC1FF02F36009E2EC3 /* Assets.xcassets */ = {isa = PBXFileReference; lastKnownFileType = folder.assetcatalog; path = Assets.xcassets; sourceTree = "<group>"; };
		526269CE1FF02F36009E2EC3 /* Info.plist */ = {isa = PBXFileReference; lastKnownFileType = text.plist.xml; path = Info.plist; sourceTree = "<group>"; };
		526269DA1FF02F49009E2EC3 /* yearglass-iOS Today Extension.appex */ = {isa = PBXFileReference; explicitFileType = "wrapper.app-extension"; includeInIndex = 0; path = "yearglass-iOS Today Extension.appex"; sourceTree = BUILT_PRODUCTS_DIR; };
		526269DB1FF02F49009E2EC3 /* NotificationCenter.framework */ = {isa = PBXFileReference; lastKnownFileType = wrapper.framework; name = NotificationCenter.framework; path = System/Library/Frameworks/NotificationCenter.framework; sourceTree = SDKROOT; };
		526269DE1FF02F49009E2EC3 /* TodayViewController.swift */ = {isa = PBXFileReference; lastKnownFileType = sourcecode.swift; path = TodayViewController.swift; sourceTree = "<group>"; };
		526269E11FF02F49009E2EC3 /* Base */ = {isa = PBXFileReference; lastKnownFileType = file.storyboard; name = Base; path = Base.lproj/MainInterface.storyboard; sourceTree = "<group>"; };
		526269E31FF02F49009E2EC3 /* Info.plist */ = {isa = PBXFileReference; lastKnownFileType = text.plist.xml; path = Info.plist; sourceTree = "<group>"; };
		526269EE1FF02FAC009E2EC3 /* yearglass-macOS Today Extension.appex */ = {isa = PBXFileReference; explicitFileType = "wrapper.app-extension"; includeInIndex = 0; path = "yearglass-macOS Today Extension.appex"; sourceTree = BUILT_PRODUCTS_DIR; };
		526269F11FF02FAD009E2EC3 /* TodayViewController.swift */ = {isa = PBXFileReference; lastKnownFileType = sourcecode.swift; path = TodayViewController.swift; sourceTree = "<group>"; };
		526269F41FF02FAD009E2EC3 /* Base */ = {isa = PBXFileReference; lastKnownFileType = file.xib; name = Base; path = Base.lproj/TodayViewController.xib; sourceTree = "<group>"; };
		526269F61FF02FAD009E2EC3 /* Info.plist */ = {isa = PBXFileReference; lastKnownFileType = text.plist.xml; path = Info.plist; sourceTree = "<group>"; };
		526269F81FF02FAD009E2EC3 /* en */ = {isa = PBXFileReference; lastKnownFileType = text.plist.strings; name = en; path = en.lproj/InfoPlist.strings; sourceTree = "<group>"; };
		526269FA1FF02FAD009E2EC3 /* yearglass_macOS_Today_Extension.entitlements */ = {isa = PBXFileReference; lastKnownFileType = text.plist.entitlements; path = yearglass_macOS_Today_Extension.entitlements; sourceTree = "<group>"; };
/* End PBXFileReference section */

/* Begin PBXFrameworksBuildPhase section */
		526269391FF02D37009E2EC3 /* Frameworks */ = {
			isa = PBXFrameworksBuildPhase;
			buildActionMask = 2147483647;
			files = (
			);
			runOnlyForDeploymentPostprocessing = 0;
		};
		5262695A1FF02D5C009E2EC3 /* Frameworks */ = {
			isa = PBXFrameworksBuildPhase;
			buildActionMask = 2147483647;
			files = (
			);
			runOnlyForDeploymentPostprocessing = 0;
		};
		5262697A1FF02D7B009E2EC3 /* Frameworks */ = {
			isa = PBXFrameworksBuildPhase;
			buildActionMask = 2147483647;
			files = (
			);
			runOnlyForDeploymentPostprocessing = 0;
		};
		5262698D1FF02DA0009E2EC3 /* Frameworks */ = {
			isa = PBXFrameworksBuildPhase;
			buildActionMask = 2147483647;
			files = (
			);
			runOnlyForDeploymentPostprocessing = 0;
		};
		526269A11FF02DC0009E2EC3 /* Frameworks */ = {
			isa = PBXFrameworksBuildPhase;
			buildActionMask = 2147483647;
			files = (
			);
			runOnlyForDeploymentPostprocessing = 0;
		};
		526269AC1FF02E0A009E2EC3 /* Frameworks */ = {
			isa = PBXFrameworksBuildPhase;
			buildActionMask = 2147483647;
			files = (
			);
			runOnlyForDeploymentPostprocessing = 0;
		};
		526269BF1FF02F36009E2EC3 /* Frameworks */ = {
			isa = PBXFrameworksBuildPhase;
			buildActionMask = 2147483647;
			files = (
				526269C51FF02F36009E2EC3 /* Messages.framework in Frameworks */,
			);
			runOnlyForDeploymentPostprocessing = 0;
		};
		526269D71FF02F49009E2EC3 /* Frameworks */ = {
			isa = PBXFrameworksBuildPhase;
			buildActionMask = 2147483647;
			files = (
				526269DC1FF02F49009E2EC3 /* NotificationCenter.framework in Frameworks */,
			);
			runOnlyForDeploymentPostprocessing = 0;
		};
		526269EB1FF02FAC009E2EC3 /* Frameworks */ = {
			isa = PBXFrameworksBuildPhase;
			buildActionMask = 2147483647;
			files = (
				526269EF1FF02FAD009E2EC3 /* NotificationCenter.framework in Frameworks */,
			);
			runOnlyForDeploymentPostprocessing = 0;
		};
/* End PBXFrameworksBuildPhase section */

/* Begin PBXGroup section */
		526269311FF02CD8009E2EC3 = {
			isa = PBXGroup;
			children = (
				5262693E1FF02D37009E2EC3 /* yearglass-iOS */,
				526269C61FF02F36009E2EC3 /* yearglass-iOS iMessage Extension */,
				526269DD1FF02F49009E2EC3 /* yearglass-iOS Today Extension */,
				526269521FF02D5B009E2EC3 /* yearglass-watchOS */,
				526269611FF02D5C009E2EC3 /* yearglass-watchOS Extension */,
				5262697E1FF02D7B009E2EC3 /* yearglass-tvOS */,
				526269911FF02DA0009E2EC3 /* yearglass-macOS */,
				526269F01FF02FAD009E2EC3 /* yearglass-macOS Today Extension */,
				526269A51FF02DC0009E2EC3 /* yearglass-cli */,
				526269B11FF02E0A009E2EC3 /* yearglass-macOS Screen Saver */,
				526269C31FF02F36009E2EC3 /* Frameworks */,
				5262693D1FF02D37009E2EC3 /* Products */,
			);
			sourceTree = "<group>";
		};
		5262693D1FF02D37009E2EC3 /* Products */ = {
			isa = PBXGroup;
			children = (
				5262693C1FF02D37009E2EC3 /* yearglass-iOS.app */,
				526269511FF02D5B009E2EC3 /* yearglass-watchOS.app */,
				5262695D1FF02D5C009E2EC3 /* yearglass-watchOS Extension.appex */,
				5262697D1FF02D7B009E2EC3 /* yearglass-tvOS.app */,
				526269901FF02DA0009E2EC3 /* yearglass-macOS.app */,
				526269A41FF02DC0009E2EC3 /* yearglass-cli */,
				526269B01FF02E0A009E2EC3 /* yearglass-macOS Screen Saver.saver */,
				526269C21FF02F36009E2EC3 /* yearglass-iOS iMessage Extension.appex */,
				526269DA1FF02F49009E2EC3 /* yearglass-iOS Today Extension.appex */,
				526269EE1FF02FAC009E2EC3 /* yearglass-macOS Today Extension.appex */,
			);
			name = Products;
			sourceTree = "<group>";
		};
		5262693E1FF02D37009E2EC3 /* yearglass-iOS */ = {
			isa = PBXGroup;
			children = (
				5262693F1FF02D37009E2EC3 /* AppDelegate.swift */,
				526269411FF02D37009E2EC3 /* ViewController.swift */,
				526269431FF02D37009E2EC3 /* Main.storyboard */,
				526269461FF02D37009E2EC3 /* Assets.xcassets */,
				526269481FF02D37009E2EC3 /* LaunchScreen.storyboard */,
				5262694B1FF02D37009E2EC3 /* Info.plist */,
			);
			path = "yearglass-iOS";
			sourceTree = "<group>";
		};
		526269521FF02D5B009E2EC3 /* yearglass-watchOS */ = {
			isa = PBXGroup;
			children = (
				526269531FF02D5B009E2EC3 /* Interface.storyboard */,
				526269561FF02D5B009E2EC3 /* Assets.xcassets */,
				526269581FF02D5B009E2EC3 /* Info.plist */,
			);
			path = "yearglass-watchOS";
			sourceTree = "<group>";
		};
		526269611FF02D5C009E2EC3 /* yearglass-watchOS Extension */ = {
			isa = PBXGroup;
			children = (
				526269621FF02D5C009E2EC3 /* InterfaceController.swift */,
				526269641FF02D5C009E2EC3 /* ExtensionDelegate.swift */,
				526269661FF02D5C009E2EC3 /* NotificationController.swift */,
				526269681FF02D5C009E2EC3 /* ComplicationController.swift */,
				5262696A1FF02D5C009E2EC3 /* Assets.xcassets */,
				5262696C1FF02D5C009E2EC3 /* Info.plist */,
				5262696D1FF02D5C009E2EC3 /* PushNotificationPayload.apns */,
			);
			path = "yearglass-watchOS Extension";
			sourceTree = "<group>";
		};
		5262697E1FF02D7B009E2EC3 /* yearglass-tvOS */ = {
			isa = PBXGroup;
			children = (
				5262697F1FF02D7B009E2EC3 /* AppDelegate.swift */,
				526269811FF02D7B009E2EC3 /* ViewController.swift */,
				526269831FF02D7B009E2EC3 /* Main.storyboard */,
				526269861FF02D7C009E2EC3 /* Assets.xcassets */,
				526269881FF02D7C009E2EC3 /* Info.plist */,
			);
			path = "yearglass-tvOS";
			sourceTree = "<group>";
		};
		526269911FF02DA0009E2EC3 /* yearglass-macOS */ = {
			isa = PBXGroup;
			children = (
				526269921FF02DA0009E2EC3 /* AppDelegate.swift */,
				526269941FF02DA0009E2EC3 /* ViewController.swift */,
				526269961FF02DA0009E2EC3 /* Assets.xcassets */,
				526269981FF02DA0009E2EC3 /* Main.storyboard */,
				5262699B1FF02DA0009E2EC3 /* Info.plist */,
				5262699C1FF02DA0009E2EC3 /* yearglass_macOS.entitlements */,
			);
			path = "yearglass-macOS";
			sourceTree = "<group>";
		};
		526269A51FF02DC0009E2EC3 /* yearglass-cli */ = {
			isa = PBXGroup;
			children = (
				526269A61FF02DC0009E2EC3 /* main.swift */,
				526269BA1FF02E78009E2EC3 /* CLI.swift */,
				526269BB1FF02E78009E2EC3 /* YearglassOption.swift */,
			);
			path = "yearglass-cli";
			sourceTree = "<group>";
		};
		526269B11FF02E0A009E2EC3 /* yearglass-macOS Screen Saver */ = {
			isa = PBXGroup;
			children = (
				526269B21FF02E0A009E2EC3 /* yearglass_macOS_Screen_SaverView.h */,
				526269B41FF02E0B009E2EC3 /* yearglass_macOS_Screen_SaverView.m */,
				526269B61FF02E0B009E2EC3 /* Info.plist */,
			);
			path = "yearglass-macOS Screen Saver";
			sourceTree = "<group>";
		};
		526269C31FF02F36009E2EC3 /* Frameworks */ = {
			isa = PBXGroup;
			children = (
				526269C41FF02F36009E2EC3 /* Messages.framework */,
				526269DB1FF02F49009E2EC3 /* NotificationCenter.framework */,
			);
			name = Frameworks;
			sourceTree = "<group>";
		};
		526269C61FF02F36009E2EC3 /* yearglass-iOS iMessage Extension */ = {
			isa = PBXGroup;
			children = (
				526269C71FF02F36009E2EC3 /* MessagesViewController.swift */,
				526269C91FF02F36009E2EC3 /* MainInterface.storyboard */,
				526269CC1FF02F36009E2EC3 /* Assets.xcassets */,
				526269CE1FF02F36009E2EC3 /* Info.plist */,
			);
			path = "yearglass-iOS iMessage Extension";
			sourceTree = "<group>";
		};
		526269DD1FF02F49009E2EC3 /* yearglass-iOS Today Extension */ = {
			isa = PBXGroup;
			children = (
				526269DE1FF02F49009E2EC3 /* TodayViewController.swift */,
				526269E01FF02F49009E2EC3 /* MainInterface.storyboard */,
				526269E31FF02F49009E2EC3 /* Info.plist */,
			);
			path = "yearglass-iOS Today Extension";
			sourceTree = "<group>";
		};
		526269F01FF02FAD009E2EC3 /* yearglass-macOS Today Extension */ = {
			isa = PBXGroup;
			children = (
				526269F11FF02FAD009E2EC3 /* TodayViewController.swift */,
				526269F31FF02FAD009E2EC3 /* TodayViewController.xib */,
				526269F61FF02FAD009E2EC3 /* Info.plist */,
				526269F71FF02FAD009E2EC3 /* InfoPlist.strings */,
				526269FA1FF02FAD009E2EC3 /* yearglass_macOS_Today_Extension.entitlements */,
			);
			path = "yearglass-macOS Today Extension";
			sourceTree = "<group>";
		};
/* End PBXGroup section */

/* Begin PBXHeadersBuildPhase section */
		526269AD1FF02E0A009E2EC3 /* Headers */ = {
			isa = PBXHeadersBuildPhase;
			buildActionMask = 2147483647;
			files = (
				526269B31FF02E0A009E2EC3 /* yearglass_macOS_Screen_SaverView.h in Headers */,
			);
			runOnlyForDeploymentPostprocessing = 0;
		};
/* End PBXHeadersBuildPhase section */

/* Begin PBXNativeTarget section */
		5262693B1FF02D37009E2EC3 /* yearglass-iOS */ = {
			isa = PBXNativeTarget;
			buildConfigurationList = 5262694C1FF02D37009E2EC3 /* Build configuration list for PBXNativeTarget "yearglass-iOS" */;
			buildPhases = (
				526269381FF02D37009E2EC3 /* Sources */,
				526269391FF02D37009E2EC3 /* Frameworks */,
				5262693A1FF02D37009E2EC3 /* Resources */,
				526269781FF02D5C009E2EC3 /* Embed Watch Content */,
				526269D51FF02F36009E2EC3 /* Embed App Extensions */,
			);
			buildRules = (
			);
			dependencies = (
				5262696F1FF02D5C009E2EC3 /* PBXTargetDependency */,
				526269D01FF02F36009E2EC3 /* PBXTargetDependency */,
				526269E51FF02F49009E2EC3 /* PBXTargetDependency */,
			);
			name = "yearglass-iOS";
			productName = "yearglass-iOS";
			productReference = 5262693C1FF02D37009E2EC3 /* yearglass-iOS.app */;
			productType = "com.apple.product-type.application";
		};
		526269501FF02D5B009E2EC3 /* yearglass-watchOS */ = {
			isa = PBXNativeTarget;
			buildConfigurationList = 526269751FF02D5C009E2EC3 /* Build configuration list for PBXNativeTarget "yearglass-watchOS" */;
			buildPhases = (
				5262694F1FF02D5B009E2EC3 /* Resources */,
				526269741FF02D5C009E2EC3 /* Embed App Extensions */,
			);
			buildRules = (
			);
			dependencies = (
				526269601FF02D5C009E2EC3 /* PBXTargetDependency */,
			);
			name = "yearglass-watchOS";
			productName = "yearglass-watchOS";
			productReference = 526269511FF02D5B009E2EC3 /* yearglass-watchOS.app */;
			productType = "com.apple.product-type.application.watchapp2";
		};
		5262695C1FF02D5C009E2EC3 /* yearglass-watchOS Extension */ = {
			isa = PBXNativeTarget;
			buildConfigurationList = 526269711FF02D5C009E2EC3 /* Build configuration list for PBXNativeTarget "yearglass-watchOS Extension" */;
			buildPhases = (
				526269591FF02D5C009E2EC3 /* Sources */,
				5262695A1FF02D5C009E2EC3 /* Frameworks */,
				5262695B1FF02D5C009E2EC3 /* Resources */,
			);
			buildRules = (
			);
			dependencies = (
			);
			name = "yearglass-watchOS Extension";
			productName = "yearglass-watchOS Extension";
			productReference = 5262695D1FF02D5C009E2EC3 /* yearglass-watchOS Extension.appex */;
			productType = "com.apple.product-type.watchkit2-extension";
		};
		5262697C1FF02D7B009E2EC3 /* yearglass-tvOS */ = {
			isa = PBXNativeTarget;
			buildConfigurationList = 526269891FF02D7C009E2EC3 /* Build configuration list for PBXNativeTarget "yearglass-tvOS" */;
			buildPhases = (
				526269791FF02D7B009E2EC3 /* Sources */,
				5262697A1FF02D7B009E2EC3 /* Frameworks */,
				5262697B1FF02D7B009E2EC3 /* Resources */,
			);
			buildRules = (
			);
			dependencies = (
			);
			name = "yearglass-tvOS";
			productName = "yearglass-tvOS";
			productReference = 5262697D1FF02D7B009E2EC3 /* yearglass-tvOS.app */;
			productType = "com.apple.product-type.application";
		};
		5262698F1FF02DA0009E2EC3 /* yearglass-macOS */ = {
			isa = PBXNativeTarget;
			buildConfigurationList = 5262699D1FF02DA0009E2EC3 /* Build configuration list for PBXNativeTarget "yearglass-macOS" */;
			buildPhases = (
				5262698C1FF02DA0009E2EC3 /* Sources */,
				5262698D1FF02DA0009E2EC3 /* Frameworks */,
				5262698E1FF02DA0009E2EC3 /* Resources */,
				52626A011FF02FAD009E2EC3 /* Embed App Extensions */,
			);
			buildRules = (
			);
			dependencies = (
				526269FC1FF02FAD009E2EC3 /* PBXTargetDependency */,
			);
			name = "yearglass-macOS";
			productName = "yearglass-macOS";
			productReference = 526269901FF02DA0009E2EC3 /* yearglass-macOS.app */;
			productType = "com.apple.product-type.application";
		};
		526269A31FF02DC0009E2EC3 /* yearglass-cli */ = {
			isa = PBXNativeTarget;
			buildConfigurationList = 526269A81FF02DC0009E2EC3 /* Build configuration list for PBXNativeTarget "yearglass-cli" */;
			buildPhases = (
				526269A01FF02DC0009E2EC3 /* Sources */,
				526269A11FF02DC0009E2EC3 /* Frameworks */,
				526269A21FF02DC0009E2EC3 /* CopyFiles */,
			);
			buildRules = (
			);
			dependencies = (
			);
			name = "yearglass-cli";
			productName = "yearglass-cli";
			productReference = 526269A41FF02DC0009E2EC3 /* yearglass-cli */;
			productType = "com.apple.product-type.tool";
		};
		526269AF1FF02E0A009E2EC3 /* yearglass-macOS Screen Saver */ = {
			isa = PBXNativeTarget;
			buildConfigurationList = 526269B71FF02E0B009E2EC3 /* Build configuration list for PBXNativeTarget "yearglass-macOS Screen Saver" */;
			buildPhases = (
				526269AB1FF02E0A009E2EC3 /* Sources */,
				526269AC1FF02E0A009E2EC3 /* Frameworks */,
				526269AD1FF02E0A009E2EC3 /* Headers */,
				526269AE1FF02E0A009E2EC3 /* Resources */,
			);
			buildRules = (
			);
			dependencies = (
			);
			name = "yearglass-macOS Screen Saver";
			productName = "yearglass-macOS Screen Saver";
			productReference = 526269B01FF02E0A009E2EC3 /* yearglass-macOS Screen Saver.saver */;
			productType = "com.apple.product-type.bundle";
		};
		526269C11FF02F36009E2EC3 /* yearglass-iOS iMessage Extension */ = {
			isa = PBXNativeTarget;
			buildConfigurationList = 526269D21FF02F36009E2EC3 /* Build configuration list for PBXNativeTarget "yearglass-iOS iMessage Extension" */;
			buildPhases = (
				526269BE1FF02F36009E2EC3 /* Sources */,
				526269BF1FF02F36009E2EC3 /* Frameworks */,
				526269C01FF02F36009E2EC3 /* Resources */,
			);
			buildRules = (
			);
			dependencies = (
			);
			name = "yearglass-iOS iMessage Extension";
			productName = "yearglass-iOS iMessage Extension";
			productReference = 526269C21FF02F36009E2EC3 /* yearglass-iOS iMessage Extension.appex */;
			productType = "com.apple.product-type.app-extension.messages";
		};
		526269D91FF02F49009E2EC3 /* yearglass-iOS Today Extension */ = {
			isa = PBXNativeTarget;
			buildConfigurationList = 526269E71FF02F49009E2EC3 /* Build configuration list for PBXNativeTarget "yearglass-iOS Today Extension" */;
			buildPhases = (
				526269D61FF02F49009E2EC3 /* Sources */,
				526269D71FF02F49009E2EC3 /* Frameworks */,
				526269D81FF02F49009E2EC3 /* Resources */,
			);
			buildRules = (
			);
			dependencies = (
			);
			name = "yearglass-iOS Today Extension";
			productName = "yearglass-iOS Today Extension";
			productReference = 526269DA1FF02F49009E2EC3 /* yearglass-iOS Today Extension.appex */;
			productType = "com.apple.product-type.app-extension";
		};
		526269ED1FF02FAC009E2EC3 /* yearglass-macOS Today Extension */ = {
			isa = PBXNativeTarget;
			buildConfigurationList = 526269FE1FF02FAD009E2EC3 /* Build configuration list for PBXNativeTarget "yearglass-macOS Today Extension" */;
			buildPhases = (
				526269EA1FF02FAC009E2EC3 /* Sources */,
				526269EB1FF02FAC009E2EC3 /* Frameworks */,
				526269EC1FF02FAC009E2EC3 /* Resources */,
			);
			buildRules = (
			);
			dependencies = (
			);
			name = "yearglass-macOS Today Extension";
			productName = "yearglass-macOS Today Extension";
			productReference = 526269EE1FF02FAC009E2EC3 /* yearglass-macOS Today Extension.appex */;
			productType = "com.apple.product-type.app-extension";
		};
/* End PBXNativeTarget section */

/* Begin PBXProject section */
		526269321FF02CD9009E2EC3 /* Project object */ = {
			isa = PBXProject;
			attributes = {
				LastSwiftUpdateCheck = 0920;
				LastUpgradeCheck = 0920;
				ORGANIZATIONNAME = yearglass;
				TargetAttributes = {
					5262693B1FF02D37009E2EC3 = {
						CreatedOnToolsVersion = 9.2;
						ProvisioningStyle = Automatic;
					};
					526269501FF02D5B009E2EC3 = {
						CreatedOnToolsVersion = 9.2;
						ProvisioningStyle = Automatic;
					};
					5262695C1FF02D5C009E2EC3 = {
						CreatedOnToolsVersion = 9.2;
						ProvisioningStyle = Automatic;
					};
					5262697C1FF02D7B009E2EC3 = {
						CreatedOnToolsVersion = 9.2;
						ProvisioningStyle = Automatic;
					};
					5262698F1FF02DA0009E2EC3 = {
						CreatedOnToolsVersion = 9.2;
						ProvisioningStyle = Automatic;
					};
					526269A31FF02DC0009E2EC3 = {
						CreatedOnToolsVersion = 9.2;
						ProvisioningStyle = Automatic;
					};
					526269AF1FF02E0A009E2EC3 = {
						CreatedOnToolsVersion = 9.2;
						ProvisioningStyle = Automatic;
					};
					526269C11FF02F36009E2EC3 = {
						CreatedOnToolsVersion = 9.2;
						ProvisioningStyle = Automatic;
					};
					526269D91FF02F49009E2EC3 = {
						CreatedOnToolsVersion = 9.2;
						ProvisioningStyle = Automatic;
					};
					526269ED1FF02FAC009E2EC3 = {
						CreatedOnToolsVersion = 9.2;
						ProvisioningStyle = Automatic;
					};
				};
			};
			buildConfigurationList = 526269351FF02CD9009E2EC3 /* Build configuration list for PBXProject "Yearglass Examples" */;
			compatibilityVersion = "Xcode 6.3";
			developmentRegion = en;
			hasScannedForEncodings = 0;
			knownRegions = (
				en,
				Base,
			);
			mainGroup = 526269311FF02CD8009E2EC3;
			productRefGroup = 5262693D1FF02D37009E2EC3 /* Products */;
			projectDirPath = "";
			projectRoot = "";
			targets = (
				5262693B1FF02D37009E2EC3 /* yearglass-iOS */,
				526269C11FF02F36009E2EC3 /* yearglass-iOS iMessage Extension */,
				526269D91FF02F49009E2EC3 /* yearglass-iOS Today Extension */,
				526269501FF02D5B009E2EC3 /* yearglass-watchOS */,
				5262695C1FF02D5C009E2EC3 /* yearglass-watchOS Extension */,
				5262697C1FF02D7B009E2EC3 /* yearglass-tvOS */,
				5262698F1FF02DA0009E2EC3 /* yearglass-macOS */,
				526269ED1FF02FAC009E2EC3 /* yearglass-macOS Today Extension */,
				526269A31FF02DC0009E2EC3 /* yearglass-cli */,
				526269AF1FF02E0A009E2EC3 /* yearglass-macOS Screen Saver */,
			);
		};
/* End PBXProject section */

/* Begin PBXResourcesBuildPhase section */
		5262693A1FF02D37009E2EC3 /* Resources */ = {
			isa = PBXResourcesBuildPhase;
			buildActionMask = 2147483647;
			files = (
				5262694A1FF02D37009E2EC3 /* LaunchScreen.storyboard in Resources */,
				526269471FF02D37009E2EC3 /* Assets.xcassets in Resources */,
				526269451FF02D37009E2EC3 /* Main.storyboard in Resources */,
			);
			runOnlyForDeploymentPostprocessing = 0;
		};
		5262694F1FF02D5B009E2EC3 /* Resources */ = {
			isa = PBXResourcesBuildPhase;
			buildActionMask = 2147483647;
			files = (
				526269571FF02D5B009E2EC3 /* Assets.xcassets in Resources */,
				526269551FF02D5B009E2EC3 /* Interface.storyboard in Resources */,
			);
			runOnlyForDeploymentPostprocessing = 0;
		};
		5262695B1FF02D5C009E2EC3 /* Resources */ = {
			isa = PBXResourcesBuildPhase;
			buildActionMask = 2147483647;
			files = (
				5262696B1FF02D5C009E2EC3 /* Assets.xcassets in Resources */,
			);
			runOnlyForDeploymentPostprocessing = 0;
		};
		5262697B1FF02D7B009E2EC3 /* Resources */ = {
			isa = PBXResourcesBuildPhase;
			buildActionMask = 2147483647;
			files = (
				526269871FF02D7C009E2EC3 /* Assets.xcassets in Resources */,
				526269851FF02D7B009E2EC3 /* Main.storyboard in Resources */,
			);
			runOnlyForDeploymentPostprocessing = 0;
		};
		5262698E1FF02DA0009E2EC3 /* Resources */ = {
			isa = PBXResourcesBuildPhase;
			buildActionMask = 2147483647;
			files = (
				526269971FF02DA0009E2EC3 /* Assets.xcassets in Resources */,
				5262699A1FF02DA0009E2EC3 /* Main.storyboard in Resources */,
			);
			runOnlyForDeploymentPostprocessing = 0;
		};
		526269AE1FF02E0A009E2EC3 /* Resources */ = {
			isa = PBXResourcesBuildPhase;
			buildActionMask = 2147483647;
			files = (
			);
			runOnlyForDeploymentPostprocessing = 0;
		};
		526269C01FF02F36009E2EC3 /* Resources */ = {
			isa = PBXResourcesBuildPhase;
			buildActionMask = 2147483647;
			files = (
				526269CD1FF02F36009E2EC3 /* Assets.xcassets in Resources */,
				526269CB1FF02F36009E2EC3 /* MainInterface.storyboard in Resources */,
			);
			runOnlyForDeploymentPostprocessing = 0;
		};
		526269D81FF02F49009E2EC3 /* Resources */ = {
			isa = PBXResourcesBuildPhase;
			buildActionMask = 2147483647;
			files = (
				526269E21FF02F49009E2EC3 /* MainInterface.storyboard in Resources */,
			);
			runOnlyForDeploymentPostprocessing = 0;
		};
		526269EC1FF02FAC009E2EC3 /* Resources */ = {
			isa = PBXResourcesBuildPhase;
			buildActionMask = 2147483647;
			files = (
				526269F51FF02FAD009E2EC3 /* TodayViewController.xib in Resources */,
				526269F91FF02FAD009E2EC3 /* InfoPlist.strings in Resources */,
			);
			runOnlyForDeploymentPostprocessing = 0;
		};
/* End PBXResourcesBuildPhase section */

/* Begin PBXSourcesBuildPhase section */
		526269381FF02D37009E2EC3 /* Sources */ = {
			isa = PBXSourcesBuildPhase;
			buildActionMask = 2147483647;
			files = (
				526269421FF02D37009E2EC3 /* ViewController.swift in Sources */,
				526269401FF02D37009E2EC3 /* AppDelegate.swift in Sources */,
			);
			runOnlyForDeploymentPostprocessing = 0;
		};
		526269591FF02D5C009E2EC3 /* Sources */ = {
			isa = PBXSourcesBuildPhase;
			buildActionMask = 2147483647;
			files = (
				526269671FF02D5C009E2EC3 /* NotificationController.swift in Sources */,
				526269691FF02D5C009E2EC3 /* ComplicationController.swift in Sources */,
				526269651FF02D5C009E2EC3 /* ExtensionDelegate.swift in Sources */,
				526269631FF02D5C009E2EC3 /* InterfaceController.swift in Sources */,
			);
			runOnlyForDeploymentPostprocessing = 0;
		};
		526269791FF02D7B009E2EC3 /* Sources */ = {
			isa = PBXSourcesBuildPhase;
			buildActionMask = 2147483647;
			files = (
				526269821FF02D7B009E2EC3 /* ViewController.swift in Sources */,
				526269801FF02D7B009E2EC3 /* AppDelegate.swift in Sources */,
			);
			runOnlyForDeploymentPostprocessing = 0;
		};
		5262698C1FF02DA0009E2EC3 /* Sources */ = {
			isa = PBXSourcesBuildPhase;
			buildActionMask = 2147483647;
			files = (
				526269951FF02DA0009E2EC3 /* ViewController.swift in Sources */,
				526269931FF02DA0009E2EC3 /* AppDelegate.swift in Sources */,
			);
			runOnlyForDeploymentPostprocessing = 0;
		};
		526269A01FF02DC0009E2EC3 /* Sources */ = {
			isa = PBXSourcesBuildPhase;
			buildActionMask = 2147483647;
			files = (
				526269BC1FF02E78009E2EC3 /* CLI.swift in Sources */,
				526269BD1FF02E78009E2EC3 /* YearglassOption.swift in Sources */,
				526269A71FF02DC0009E2EC3 /* main.swift in Sources */,
			);
			runOnlyForDeploymentPostprocessing = 0;
		};
		526269AB1FF02E0A009E2EC3 /* Sources */ = {
			isa = PBXSourcesBuildPhase;
			buildActionMask = 2147483647;
			files = (
				526269B51FF02E0B009E2EC3 /* yearglass_macOS_Screen_SaverView.m in Sources */,
			);
			runOnlyForDeploymentPostprocessing = 0;
		};
		526269BE1FF02F36009E2EC3 /* Sources */ = {
			isa = PBXSourcesBuildPhase;
			buildActionMask = 2147483647;
			files = (
				526269C81FF02F36009E2EC3 /* MessagesViewController.swift in Sources */,
			);
			runOnlyForDeploymentPostprocessing = 0;
		};
		526269D61FF02F49009E2EC3 /* Sources */ = {
			isa = PBXSourcesBuildPhase;
			buildActionMask = 2147483647;
			files = (
				526269DF1FF02F49009E2EC3 /* TodayViewController.swift in Sources */,
			);
			runOnlyForDeploymentPostprocessing = 0;
		};
		526269EA1FF02FAC009E2EC3 /* Sources */ = {
			isa = PBXSourcesBuildPhase;
			buildActionMask = 2147483647;
			files = (
				526269F21FF02FAD009E2EC3 /* TodayViewController.swift in Sources */,
			);
			runOnlyForDeploymentPostprocessing = 0;
		};
/* End PBXSourcesBuildPhase section */

/* Begin PBXTargetDependency section */
		526269601FF02D5C009E2EC3 /* PBXTargetDependency */ = {
			isa = PBXTargetDependency;
			target = 5262695C1FF02D5C009E2EC3 /* yearglass-watchOS Extension */;
			targetProxy = 5262695F1FF02D5C009E2EC3 /* PBXContainerItemProxy */;
		};
		5262696F1FF02D5C009E2EC3 /* PBXTargetDependency */ = {
			isa = PBXTargetDependency;
			target = 526269501FF02D5B009E2EC3 /* yearglass-watchOS */;
			targetProxy = 5262696E1FF02D5C009E2EC3 /* PBXContainerItemProxy */;
		};
		526269D01FF02F36009E2EC3 /* PBXTargetDependency */ = {
			isa = PBXTargetDependency;
			target = 526269C11FF02F36009E2EC3 /* yearglass-iOS iMessage Extension */;
			targetProxy = 526269CF1FF02F36009E2EC3 /* PBXContainerItemProxy */;
		};
		526269E51FF02F49009E2EC3 /* PBXTargetDependency */ = {
			isa = PBXTargetDependency;
			target = 526269D91FF02F49009E2EC3 /* yearglass-iOS Today Extension */;
			targetProxy = 526269E41FF02F49009E2EC3 /* PBXContainerItemProxy */;
		};
		526269FC1FF02FAD009E2EC3 /* PBXTargetDependency */ = {
			isa = PBXTargetDependency;
			target = 526269ED1FF02FAC009E2EC3 /* yearglass-macOS Today Extension */;
			targetProxy = 526269FB1FF02FAD009E2EC3 /* PBXContainerItemProxy */;
		};
/* End PBXTargetDependency section */

/* Begin PBXVariantGroup section */
		526269431FF02D37009E2EC3 /* Main.storyboard */ = {
			isa = PBXVariantGroup;
			children = (
				526269441FF02D37009E2EC3 /* Base */,
			);
			name = Main.storyboard;
			sourceTree = "<group>";
		};
		526269481FF02D37009E2EC3 /* LaunchScreen.storyboard */ = {
			isa = PBXVariantGroup;
			children = (
				526269491FF02D37009E2EC3 /* Base */,
			);
			name = LaunchScreen.storyboard;
			sourceTree = "<group>";
		};
		526269531FF02D5B009E2EC3 /* Interface.storyboard */ = {
			isa = PBXVariantGroup;
			children = (
				526269541FF02D5B009E2EC3 /* Base */,
			);
			name = Interface.storyboard;
			sourceTree = "<group>";
		};
		526269831FF02D7B009E2EC3 /* Main.storyboard */ = {
			isa = PBXVariantGroup;
			children = (
				526269841FF02D7B009E2EC3 /* Base */,
			);
			name = Main.storyboard;
			sourceTree = "<group>";
		};
		526269981FF02DA0009E2EC3 /* Main.storyboard */ = {
			isa = PBXVariantGroup;
			children = (
				526269991FF02DA0009E2EC3 /* Base */,
			);
			name = Main.storyboard;
			sourceTree = "<group>";
		};
		526269C91FF02F36009E2EC3 /* MainInterface.storyboard */ = {
			isa = PBXVariantGroup;
			children = (
				526269CA1FF02F36009E2EC3 /* Base */,
			);
			name = MainInterface.storyboard;
			sourceTree = "<group>";
		};
		526269E01FF02F49009E2EC3 /* MainInterface.storyboard */ = {
			isa = PBXVariantGroup;
			children = (
				526269E11FF02F49009E2EC3 /* Base */,
			);
			name = MainInterface.storyboard;
			sourceTree = "<group>";
		};
		526269F31FF02FAD009E2EC3 /* TodayViewController.xib */ = {
			isa = PBXVariantGroup;
			children = (
				526269F41FF02FAD009E2EC3 /* Base */,
			);
			name = TodayViewController.xib;
			sourceTree = "<group>";
		};
		526269F71FF02FAD009E2EC3 /* InfoPlist.strings */ = {
			isa = PBXVariantGroup;
			children = (
				526269F81FF02FAD009E2EC3 /* en */,
			);
			name = InfoPlist.strings;
			sourceTree = "<group>";
		};
/* End PBXVariantGroup section */

/* Begin XCBuildConfiguration section */
		526269361FF02CD9009E2EC3 /* Debug */ = {
			isa = XCBuildConfiguration;
			buildSettings = {
			};
			name = Debug;
		};
		526269371FF02CD9009E2EC3 /* Release */ = {
			isa = XCBuildConfiguration;
			buildSettings = {
			};
			name = Release;
		};
		5262694D1FF02D37009E2EC3 /* Debug */ = {
			isa = XCBuildConfiguration;
			buildSettings = {
				ALWAYS_EMBED_SWIFT_STANDARD_LIBRARIES = YES;
				ALWAYS_SEARCH_USER_PATHS = NO;
				ASSETCATALOG_COMPILER_APPICON_NAME = AppIcon;
				CLANG_ANALYZER_NONNULL = YES;
				CLANG_ANALYZER_NUMBER_OBJECT_CONVERSION = YES_AGGRESSIVE;
				CLANG_CXX_LANGUAGE_STANDARD = "gnu++14";
				CLANG_CXX_LIBRARY = "libc++";
				CLANG_ENABLE_MODULES = YES;
				CLANG_ENABLE_OBJC_ARC = YES;
				CLANG_WARN_BLOCK_CAPTURE_AUTORELEASING = YES;
				CLANG_WARN_BOOL_CONVERSION = YES;
				CLANG_WARN_COMMA = YES;
				CLANG_WARN_CONSTANT_CONVERSION = YES;
				CLANG_WARN_DIRECT_OBJC_ISA_USAGE = YES_ERROR;
				CLANG_WARN_DOCUMENTATION_COMMENTS = YES;
				CLANG_WARN_EMPTY_BODY = YES;
				CLANG_WARN_ENUM_CONVERSION = YES;
				CLANG_WARN_INFINITE_RECURSION = YES;
				CLANG_WARN_INT_CONVERSION = YES;
				CLANG_WARN_NON_LITERAL_NULL_CONVERSION = YES;
				CLANG_WARN_OBJC_LITERAL_CONVERSION = YES;
				CLANG_WARN_OBJC_ROOT_CLASS = YES_ERROR;
				CLANG_WARN_RANGE_LOOP_ANALYSIS = YES;
				CLANG_WARN_STRICT_PROTOTYPES = YES;
				CLANG_WARN_SUSPICIOUS_MOVE = YES;
				CLANG_WARN_UNGUARDED_AVAILABILITY = YES_AGGRESSIVE;
				CLANG_WARN_UNREACHABLE_CODE = YES;
				CLANG_WARN__DUPLICATE_METHOD_MATCH = YES;
				CODE_SIGN_IDENTITY = "iPhone Developer";
				CODE_SIGN_STYLE = Automatic;
				COPY_PHASE_STRIP = NO;
				DEBUG_INFORMATION_FORMAT = dwarf;
				ENABLE_STRICT_OBJC_MSGSEND = YES;
				ENABLE_TESTABILITY = YES;
				GCC_C_LANGUAGE_STANDARD = gnu11;
				GCC_DYNAMIC_NO_PIC = NO;
				GCC_NO_COMMON_BLOCKS = YES;
				GCC_OPTIMIZATION_LEVEL = 0;
				GCC_PREPROCESSOR_DEFINITIONS = (
					"DEBUG=1",
					"$(inherited)",
				);
				GCC_WARN_64_TO_32_BIT_CONVERSION = YES;
				GCC_WARN_ABOUT_RETURN_TYPE = YES_ERROR;
				GCC_WARN_UNDECLARED_SELECTOR = YES;
				GCC_WARN_UNINITIALIZED_AUTOS = YES_AGGRESSIVE;
				GCC_WARN_UNUSED_FUNCTION = YES;
				GCC_WARN_UNUSED_VARIABLE = YES;
				INFOPLIST_FILE = "yearglass-iOS/Info.plist";
				IPHONEOS_DEPLOYMENT_TARGET = 11.2;
				LD_RUNPATH_SEARCH_PATHS = "$(inherited) @executable_path/Frameworks";
				MTL_ENABLE_DEBUG_INFO = YES;
				ONLY_ACTIVE_ARCH = YES;
				PRODUCT_BUNDLE_IDENTIFIER = "io.github.apollozhu.yearglass-iOS";
				PRODUCT_NAME = "$(TARGET_NAME)";
				SDKROOT = iphoneos;
				SWIFT_ACTIVE_COMPILATION_CONDITIONS = DEBUG;
				SWIFT_OPTIMIZATION_LEVEL = "-Onone";
				SWIFT_VERSION = 4.0;
				TARGETED_DEVICE_FAMILY = "1,2";
			};
			name = Debug;
		};
		5262694E1FF02D37009E2EC3 /* Release */ = {
			isa = XCBuildConfiguration;
			buildSettings = {
				ALWAYS_EMBED_SWIFT_STANDARD_LIBRARIES = YES;
				ALWAYS_SEARCH_USER_PATHS = NO;
				ASSETCATALOG_COMPILER_APPICON_NAME = AppIcon;
				CLANG_ANALYZER_NONNULL = YES;
				CLANG_ANALYZER_NUMBER_OBJECT_CONVERSION = YES_AGGRESSIVE;
				CLANG_CXX_LANGUAGE_STANDARD = "gnu++14";
				CLANG_CXX_LIBRARY = "libc++";
				CLANG_ENABLE_MODULES = YES;
				CLANG_ENABLE_OBJC_ARC = YES;
				CLANG_WARN_BLOCK_CAPTURE_AUTORELEASING = YES;
				CLANG_WARN_BOOL_CONVERSION = YES;
				CLANG_WARN_COMMA = YES;
				CLANG_WARN_CONSTANT_CONVERSION = YES;
				CLANG_WARN_DIRECT_OBJC_ISA_USAGE = YES_ERROR;
				CLANG_WARN_DOCUMENTATION_COMMENTS = YES;
				CLANG_WARN_EMPTY_BODY = YES;
				CLANG_WARN_ENUM_CONVERSION = YES;
				CLANG_WARN_INFINITE_RECURSION = YES;
				CLANG_WARN_INT_CONVERSION = YES;
				CLANG_WARN_NON_LITERAL_NULL_CONVERSION = YES;
				CLANG_WARN_OBJC_LITERAL_CONVERSION = YES;
				CLANG_WARN_OBJC_ROOT_CLASS = YES_ERROR;
				CLANG_WARN_RANGE_LOOP_ANALYSIS = YES;
				CLANG_WARN_STRICT_PROTOTYPES = YES;
				CLANG_WARN_SUSPICIOUS_MOVE = YES;
				CLANG_WARN_UNGUARDED_AVAILABILITY = YES_AGGRESSIVE;
				CLANG_WARN_UNREACHABLE_CODE = YES;
				CLANG_WARN__DUPLICATE_METHOD_MATCH = YES;
				CODE_SIGN_IDENTITY = "iPhone Developer";
				CODE_SIGN_STYLE = Automatic;
				COPY_PHASE_STRIP = NO;
				DEBUG_INFORMATION_FORMAT = "dwarf-with-dsym";
				ENABLE_NS_ASSERTIONS = NO;
				ENABLE_STRICT_OBJC_MSGSEND = YES;
				GCC_C_LANGUAGE_STANDARD = gnu11;
				GCC_NO_COMMON_BLOCKS = YES;
				GCC_WARN_64_TO_32_BIT_CONVERSION = YES;
				GCC_WARN_ABOUT_RETURN_TYPE = YES_ERROR;
				GCC_WARN_UNDECLARED_SELECTOR = YES;
				GCC_WARN_UNINITIALIZED_AUTOS = YES_AGGRESSIVE;
				GCC_WARN_UNUSED_FUNCTION = YES;
				GCC_WARN_UNUSED_VARIABLE = YES;
				INFOPLIST_FILE = "yearglass-iOS/Info.plist";
				IPHONEOS_DEPLOYMENT_TARGET = 11.2;
				LD_RUNPATH_SEARCH_PATHS = "$(inherited) @executable_path/Frameworks";
				MTL_ENABLE_DEBUG_INFO = NO;
				PRODUCT_BUNDLE_IDENTIFIER = "io.github.apollozhu.yearglass-iOS";
				PRODUCT_NAME = "$(TARGET_NAME)";
				SDKROOT = iphoneos;
				SWIFT_OPTIMIZATION_LEVEL = "-Owholemodule";
				SWIFT_VERSION = 4.0;
				TARGETED_DEVICE_FAMILY = "1,2";
				VALIDATE_PRODUCT = YES;
			};
			name = Release;
		};
		526269721FF02D5C009E2EC3 /* Debug */ = {
			isa = XCBuildConfiguration;
			buildSettings = {
				ALWAYS_SEARCH_USER_PATHS = NO;
				ASSETCATALOG_COMPILER_COMPLICATION_NAME = Complication;
				CLANG_ANALYZER_NONNULL = YES;
				CLANG_ANALYZER_NUMBER_OBJECT_CONVERSION = YES_AGGRESSIVE;
				CLANG_CXX_LANGUAGE_STANDARD = "gnu++14";
				CLANG_CXX_LIBRARY = "libc++";
				CLANG_ENABLE_MODULES = YES;
				CLANG_ENABLE_OBJC_ARC = YES;
				CLANG_WARN_BLOCK_CAPTURE_AUTORELEASING = YES;
				CLANG_WARN_BOOL_CONVERSION = YES;
				CLANG_WARN_COMMA = YES;
				CLANG_WARN_CONSTANT_CONVERSION = YES;
				CLANG_WARN_DIRECT_OBJC_ISA_USAGE = YES_ERROR;
				CLANG_WARN_DOCUMENTATION_COMMENTS = YES;
				CLANG_WARN_EMPTY_BODY = YES;
				CLANG_WARN_ENUM_CONVERSION = YES;
				CLANG_WARN_INFINITE_RECURSION = YES;
				CLANG_WARN_INT_CONVERSION = YES;
				CLANG_WARN_NON_LITERAL_NULL_CONVERSION = YES;
				CLANG_WARN_OBJC_LITERAL_CONVERSION = YES;
				CLANG_WARN_OBJC_ROOT_CLASS = YES_ERROR;
				CLANG_WARN_RANGE_LOOP_ANALYSIS = YES;
				CLANG_WARN_STRICT_PROTOTYPES = YES;
				CLANG_WARN_SUSPICIOUS_MOVE = YES;
				CLANG_WARN_UNGUARDED_AVAILABILITY = YES_AGGRESSIVE;
				CLANG_WARN_UNREACHABLE_CODE = YES;
				CLANG_WARN__DUPLICATE_METHOD_MATCH = YES;
				CODE_SIGN_STYLE = Automatic;
				COPY_PHASE_STRIP = NO;
				DEBUG_INFORMATION_FORMAT = dwarf;
				ENABLE_STRICT_OBJC_MSGSEND = YES;
				ENABLE_TESTABILITY = YES;
				GCC_C_LANGUAGE_STANDARD = gnu11;
				GCC_DYNAMIC_NO_PIC = NO;
				GCC_NO_COMMON_BLOCKS = YES;
				GCC_OPTIMIZATION_LEVEL = 0;
				GCC_PREPROCESSOR_DEFINITIONS = (
					"DEBUG=1",
					"$(inherited)",
				);
				GCC_WARN_64_TO_32_BIT_CONVERSION = YES;
				GCC_WARN_ABOUT_RETURN_TYPE = YES_ERROR;
				GCC_WARN_UNDECLARED_SELECTOR = YES;
				GCC_WARN_UNINITIALIZED_AUTOS = YES_AGGRESSIVE;
				GCC_WARN_UNUSED_FUNCTION = YES;
				GCC_WARN_UNUSED_VARIABLE = YES;
				INFOPLIST_FILE = "yearglass-watchOS Extension/Info.plist";
				LD_RUNPATH_SEARCH_PATHS = "$(inherited) @executable_path/Frameworks @executable_path/../../Frameworks";
				MTL_ENABLE_DEBUG_INFO = YES;
				ONLY_ACTIVE_ARCH = YES;
				PRODUCT_BUNDLE_IDENTIFIER = "io.github.apollozhu.yearglass-iOS.watchkitapp.watchkitextension";
				PRODUCT_NAME = "${TARGET_NAME}";
				SDKROOT = watchos;
				SKIP_INSTALL = YES;
				SWIFT_ACTIVE_COMPILATION_CONDITIONS = DEBUG;
				SWIFT_OPTIMIZATION_LEVEL = "-Onone";
				SWIFT_VERSION = 4.0;
				TARGETED_DEVICE_FAMILY = 4;
				WATCHOS_DEPLOYMENT_TARGET = 4.2;
			};
			name = Debug;
		};
		526269731FF02D5C009E2EC3 /* Release */ = {
			isa = XCBuildConfiguration;
			buildSettings = {
				ALWAYS_SEARCH_USER_PATHS = NO;
				ASSETCATALOG_COMPILER_COMPLICATION_NAME = Complication;
				CLANG_ANALYZER_NONNULL = YES;
				CLANG_ANALYZER_NUMBER_OBJECT_CONVERSION = YES_AGGRESSIVE;
				CLANG_CXX_LANGUAGE_STANDARD = "gnu++14";
				CLANG_CXX_LIBRARY = "libc++";
				CLANG_ENABLE_MODULES = YES;
				CLANG_ENABLE_OBJC_ARC = YES;
				CLANG_WARN_BLOCK_CAPTURE_AUTORELEASING = YES;
				CLANG_WARN_BOOL_CONVERSION = YES;
				CLANG_WARN_COMMA = YES;
				CLANG_WARN_CONSTANT_CONVERSION = YES;
				CLANG_WARN_DIRECT_OBJC_ISA_USAGE = YES_ERROR;
				CLANG_WARN_DOCUMENTATION_COMMENTS = YES;
				CLANG_WARN_EMPTY_BODY = YES;
				CLANG_WARN_ENUM_CONVERSION = YES;
				CLANG_WARN_INFINITE_RECURSION = YES;
				CLANG_WARN_INT_CONVERSION = YES;
				CLANG_WARN_NON_LITERAL_NULL_CONVERSION = YES;
				CLANG_WARN_OBJC_LITERAL_CONVERSION = YES;
				CLANG_WARN_OBJC_ROOT_CLASS = YES_ERROR;
				CLANG_WARN_RANGE_LOOP_ANALYSIS = YES;
				CLANG_WARN_STRICT_PROTOTYPES = YES;
				CLANG_WARN_SUSPICIOUS_MOVE = YES;
				CLANG_WARN_UNGUARDED_AVAILABILITY = YES_AGGRESSIVE;
				CLANG_WARN_UNREACHABLE_CODE = YES;
				CLANG_WARN__DUPLICATE_METHOD_MATCH = YES;
				CODE_SIGN_STYLE = Automatic;
				COPY_PHASE_STRIP = NO;
				DEBUG_INFORMATION_FORMAT = "dwarf-with-dsym";
				ENABLE_NS_ASSERTIONS = NO;
				ENABLE_STRICT_OBJC_MSGSEND = YES;
				GCC_C_LANGUAGE_STANDARD = gnu11;
				GCC_NO_COMMON_BLOCKS = YES;
				GCC_WARN_64_TO_32_BIT_CONVERSION = YES;
				GCC_WARN_ABOUT_RETURN_TYPE = YES_ERROR;
				GCC_WARN_UNDECLARED_SELECTOR = YES;
				GCC_WARN_UNINITIALIZED_AUTOS = YES_AGGRESSIVE;
				GCC_WARN_UNUSED_FUNCTION = YES;
				GCC_WARN_UNUSED_VARIABLE = YES;
				INFOPLIST_FILE = "yearglass-watchOS Extension/Info.plist";
				LD_RUNPATH_SEARCH_PATHS = "$(inherited) @executable_path/Frameworks @executable_path/../../Frameworks";
				MTL_ENABLE_DEBUG_INFO = NO;
				PRODUCT_BUNDLE_IDENTIFIER = "io.github.apollozhu.yearglass-iOS.watchkitapp.watchkitextension";
				PRODUCT_NAME = "${TARGET_NAME}";
				SDKROOT = watchos;
				SKIP_INSTALL = YES;
				SWIFT_OPTIMIZATION_LEVEL = "-Owholemodule";
				SWIFT_VERSION = 4.0;
				TARGETED_DEVICE_FAMILY = 4;
				VALIDATE_PRODUCT = YES;
				WATCHOS_DEPLOYMENT_TARGET = 4.2;
			};
			name = Release;
		};
		526269761FF02D5C009E2EC3 /* Debug */ = {
			isa = XCBuildConfiguration;
			buildSettings = {
				ALWAYS_EMBED_SWIFT_STANDARD_LIBRARIES = YES;
				ALWAYS_SEARCH_USER_PATHS = NO;
				ASSETCATALOG_COMPILER_APPICON_NAME = AppIcon;
				CLANG_ANALYZER_NONNULL = YES;
				CLANG_ANALYZER_NUMBER_OBJECT_CONVERSION = YES_AGGRESSIVE;
				CLANG_CXX_LANGUAGE_STANDARD = "gnu++14";
				CLANG_CXX_LIBRARY = "libc++";
				CLANG_ENABLE_MODULES = YES;
				CLANG_ENABLE_OBJC_ARC = YES;
				CLANG_WARN_BLOCK_CAPTURE_AUTORELEASING = YES;
				CLANG_WARN_BOOL_CONVERSION = YES;
				CLANG_WARN_COMMA = YES;
				CLANG_WARN_CONSTANT_CONVERSION = YES;
				CLANG_WARN_DIRECT_OBJC_ISA_USAGE = YES_ERROR;
				CLANG_WARN_DOCUMENTATION_COMMENTS = YES;
				CLANG_WARN_EMPTY_BODY = YES;
				CLANG_WARN_ENUM_CONVERSION = YES;
				CLANG_WARN_INFINITE_RECURSION = YES;
				CLANG_WARN_INT_CONVERSION = YES;
				CLANG_WARN_NON_LITERAL_NULL_CONVERSION = YES;
				CLANG_WARN_OBJC_LITERAL_CONVERSION = YES;
				CLANG_WARN_OBJC_ROOT_CLASS = YES_ERROR;
				CLANG_WARN_RANGE_LOOP_ANALYSIS = YES;
				CLANG_WARN_STRICT_PROTOTYPES = YES;
				CLANG_WARN_SUSPICIOUS_MOVE = YES;
				CLANG_WARN_UNGUARDED_AVAILABILITY = YES_AGGRESSIVE;
				CLANG_WARN_UNREACHABLE_CODE = YES;
				CLANG_WARN__DUPLICATE_METHOD_MATCH = YES;
				CODE_SIGN_IDENTITY = "iPhone Developer";
				CODE_SIGN_STYLE = Automatic;
				COPY_PHASE_STRIP = NO;
				DEBUG_INFORMATION_FORMAT = dwarf;
				ENABLE_STRICT_OBJC_MSGSEND = YES;
				ENABLE_TESTABILITY = YES;
				GCC_C_LANGUAGE_STANDARD = gnu11;
				GCC_DYNAMIC_NO_PIC = NO;
				GCC_NO_COMMON_BLOCKS = YES;
				GCC_OPTIMIZATION_LEVEL = 0;
				GCC_PREPROCESSOR_DEFINITIONS = (
					"DEBUG=1",
					"$(inherited)",
				);
				GCC_WARN_64_TO_32_BIT_CONVERSION = YES;
				GCC_WARN_ABOUT_RETURN_TYPE = YES_ERROR;
				GCC_WARN_UNDECLARED_SELECTOR = YES;
				GCC_WARN_UNINITIALIZED_AUTOS = YES_AGGRESSIVE;
				GCC_WARN_UNUSED_FUNCTION = YES;
				GCC_WARN_UNUSED_VARIABLE = YES;
				IBSC_MODULE = yearglass_watchOS_Extension;
				INFOPLIST_FILE = "yearglass-watchOS/Info.plist";
				MTL_ENABLE_DEBUG_INFO = YES;
				ONLY_ACTIVE_ARCH = YES;
				PRODUCT_BUNDLE_IDENTIFIER = "io.github.apollozhu.yearglass-iOS.watchkitapp";
				PRODUCT_NAME = "$(TARGET_NAME)";
				SDKROOT = watchos;
				SKIP_INSTALL = YES;
				SWIFT_ACTIVE_COMPILATION_CONDITIONS = DEBUG;
				SWIFT_OPTIMIZATION_LEVEL = "-Onone";
				SWIFT_VERSION = 4.0;
				TARGETED_DEVICE_FAMILY = 4;
				WATCHOS_DEPLOYMENT_TARGET = 4.2;
			};
			name = Debug;
		};
		526269771FF02D5C009E2EC3 /* Release */ = {
			isa = XCBuildConfiguration;
			buildSettings = {
				ALWAYS_EMBED_SWIFT_STANDARD_LIBRARIES = YES;
				ALWAYS_SEARCH_USER_PATHS = NO;
				ASSETCATALOG_COMPILER_APPICON_NAME = AppIcon;
				CLANG_ANALYZER_NONNULL = YES;
				CLANG_ANALYZER_NUMBER_OBJECT_CONVERSION = YES_AGGRESSIVE;
				CLANG_CXX_LANGUAGE_STANDARD = "gnu++14";
				CLANG_CXX_LIBRARY = "libc++";
				CLANG_ENABLE_MODULES = YES;
				CLANG_ENABLE_OBJC_ARC = YES;
				CLANG_WARN_BLOCK_CAPTURE_AUTORELEASING = YES;
				CLANG_WARN_BOOL_CONVERSION = YES;
				CLANG_WARN_COMMA = YES;
				CLANG_WARN_CONSTANT_CONVERSION = YES;
				CLANG_WARN_DIRECT_OBJC_ISA_USAGE = YES_ERROR;
				CLANG_WARN_DOCUMENTATION_COMMENTS = YES;
				CLANG_WARN_EMPTY_BODY = YES;
				CLANG_WARN_ENUM_CONVERSION = YES;
				CLANG_WARN_INFINITE_RECURSION = YES;
				CLANG_WARN_INT_CONVERSION = YES;
				CLANG_WARN_NON_LITERAL_NULL_CONVERSION = YES;
				CLANG_WARN_OBJC_LITERAL_CONVERSION = YES;
				CLANG_WARN_OBJC_ROOT_CLASS = YES_ERROR;
				CLANG_WARN_RANGE_LOOP_ANALYSIS = YES;
				CLANG_WARN_STRICT_PROTOTYPES = YES;
				CLANG_WARN_SUSPICIOUS_MOVE = YES;
				CLANG_WARN_UNGUARDED_AVAILABILITY = YES_AGGRESSIVE;
				CLANG_WARN_UNREACHABLE_CODE = YES;
				CLANG_WARN__DUPLICATE_METHOD_MATCH = YES;
				CODE_SIGN_IDENTITY = "iPhone Developer";
				CODE_SIGN_STYLE = Automatic;
				COPY_PHASE_STRIP = NO;
				DEBUG_INFORMATION_FORMAT = "dwarf-with-dsym";
				ENABLE_NS_ASSERTIONS = NO;
				ENABLE_STRICT_OBJC_MSGSEND = YES;
				GCC_C_LANGUAGE_STANDARD = gnu11;
				GCC_NO_COMMON_BLOCKS = YES;
				GCC_WARN_64_TO_32_BIT_CONVERSION = YES;
				GCC_WARN_ABOUT_RETURN_TYPE = YES_ERROR;
				GCC_WARN_UNDECLARED_SELECTOR = YES;
				GCC_WARN_UNINITIALIZED_AUTOS = YES_AGGRESSIVE;
				GCC_WARN_UNUSED_FUNCTION = YES;
				GCC_WARN_UNUSED_VARIABLE = YES;
				IBSC_MODULE = yearglass_watchOS_Extension;
				INFOPLIST_FILE = "yearglass-watchOS/Info.plist";
				MTL_ENABLE_DEBUG_INFO = NO;
				PRODUCT_BUNDLE_IDENTIFIER = "io.github.apollozhu.yearglass-iOS.watchkitapp";
				PRODUCT_NAME = "$(TARGET_NAME)";
				SDKROOT = watchos;
				SKIP_INSTALL = YES;
				SWIFT_OPTIMIZATION_LEVEL = "-Owholemodule";
				SWIFT_VERSION = 4.0;
				TARGETED_DEVICE_FAMILY = 4;
				VALIDATE_PRODUCT = YES;
				WATCHOS_DEPLOYMENT_TARGET = 4.2;
			};
			name = Release;
		};
		5262698A1FF02D7C009E2EC3 /* Debug */ = {
			isa = XCBuildConfiguration;
			buildSettings = {
				ALWAYS_SEARCH_USER_PATHS = NO;
				ASSETCATALOG_COMPILER_APPICON_NAME = "App Icon & Top Shelf Image";
				ASSETCATALOG_COMPILER_LAUNCHIMAGE_NAME = LaunchImage;
				CLANG_ANALYZER_NONNULL = YES;
				CLANG_ANALYZER_NUMBER_OBJECT_CONVERSION = YES_AGGRESSIVE;
				CLANG_CXX_LANGUAGE_STANDARD = "gnu++14";
				CLANG_CXX_LIBRARY = "libc++";
				CLANG_ENABLE_MODULES = YES;
				CLANG_ENABLE_OBJC_ARC = YES;
				CLANG_WARN_BLOCK_CAPTURE_AUTORELEASING = YES;
				CLANG_WARN_BOOL_CONVERSION = YES;
				CLANG_WARN_COMMA = YES;
				CLANG_WARN_CONSTANT_CONVERSION = YES;
				CLANG_WARN_DIRECT_OBJC_ISA_USAGE = YES_ERROR;
				CLANG_WARN_DOCUMENTATION_COMMENTS = YES;
				CLANG_WARN_EMPTY_BODY = YES;
				CLANG_WARN_ENUM_CONVERSION = YES;
				CLANG_WARN_INFINITE_RECURSION = YES;
				CLANG_WARN_INT_CONVERSION = YES;
				CLANG_WARN_NON_LITERAL_NULL_CONVERSION = YES;
				CLANG_WARN_OBJC_LITERAL_CONVERSION = YES;
				CLANG_WARN_OBJC_ROOT_CLASS = YES_ERROR;
				CLANG_WARN_RANGE_LOOP_ANALYSIS = YES;
				CLANG_WARN_STRICT_PROTOTYPES = YES;
				CLANG_WARN_SUSPICIOUS_MOVE = YES;
				CLANG_WARN_UNGUARDED_AVAILABILITY = YES_AGGRESSIVE;
				CLANG_WARN_UNREACHABLE_CODE = YES;
				CLANG_WARN__DUPLICATE_METHOD_MATCH = YES;
				CODE_SIGN_STYLE = Automatic;
				COPY_PHASE_STRIP = NO;
				DEBUG_INFORMATION_FORMAT = dwarf;
				ENABLE_STRICT_OBJC_MSGSEND = YES;
				ENABLE_TESTABILITY = YES;
				GCC_C_LANGUAGE_STANDARD = gnu11;
				GCC_DYNAMIC_NO_PIC = NO;
				GCC_NO_COMMON_BLOCKS = YES;
				GCC_OPTIMIZATION_LEVEL = 0;
				GCC_PREPROCESSOR_DEFINITIONS = (
					"DEBUG=1",
					"$(inherited)",
				);
				GCC_WARN_64_TO_32_BIT_CONVERSION = YES;
				GCC_WARN_ABOUT_RETURN_TYPE = YES_ERROR;
				GCC_WARN_UNDECLARED_SELECTOR = YES;
				GCC_WARN_UNINITIALIZED_AUTOS = YES_AGGRESSIVE;
				GCC_WARN_UNUSED_FUNCTION = YES;
				GCC_WARN_UNUSED_VARIABLE = YES;
				INFOPLIST_FILE = "yearglass-tvOS/Info.plist";
				LD_RUNPATH_SEARCH_PATHS = "$(inherited) @executable_path/Frameworks";
				MTL_ENABLE_DEBUG_INFO = YES;
				ONLY_ACTIVE_ARCH = YES;
				PRODUCT_BUNDLE_IDENTIFIER = "io.github.apollozhu.yearglass-tvOS";
				PRODUCT_NAME = "$(TARGET_NAME)";
				SDKROOT = appletvos;
				SWIFT_ACTIVE_COMPILATION_CONDITIONS = DEBUG;
				SWIFT_OPTIMIZATION_LEVEL = "-Onone";
				SWIFT_VERSION = 4.0;
				TARGETED_DEVICE_FAMILY = 3;
				TVOS_DEPLOYMENT_TARGET = 11.2;
			};
			name = Debug;
		};
		5262698B1FF02D7C009E2EC3 /* Release */ = {
			isa = XCBuildConfiguration;
			buildSettings = {
				ALWAYS_SEARCH_USER_PATHS = NO;
				ASSETCATALOG_COMPILER_APPICON_NAME = "App Icon & Top Shelf Image";
				ASSETCATALOG_COMPILER_LAUNCHIMAGE_NAME = LaunchImage;
				CLANG_ANALYZER_NONNULL = YES;
				CLANG_ANALYZER_NUMBER_OBJECT_CONVERSION = YES_AGGRESSIVE;
				CLANG_CXX_LANGUAGE_STANDARD = "gnu++14";
				CLANG_CXX_LIBRARY = "libc++";
				CLANG_ENABLE_MODULES = YES;
				CLANG_ENABLE_OBJC_ARC = YES;
				CLANG_WARN_BLOCK_CAPTURE_AUTORELEASING = YES;
				CLANG_WARN_BOOL_CONVERSION = YES;
				CLANG_WARN_COMMA = YES;
				CLANG_WARN_CONSTANT_CONVERSION = YES;
				CLANG_WARN_DIRECT_OBJC_ISA_USAGE = YES_ERROR;
				CLANG_WARN_DOCUMENTATION_COMMENTS = YES;
				CLANG_WARN_EMPTY_BODY = YES;
				CLANG_WARN_ENUM_CONVERSION = YES;
				CLANG_WARN_INFINITE_RECURSION = YES;
				CLANG_WARN_INT_CONVERSION = YES;
				CLANG_WARN_NON_LITERAL_NULL_CONVERSION = YES;
				CLANG_WARN_OBJC_LITERAL_CONVERSION = YES;
				CLANG_WARN_OBJC_ROOT_CLASS = YES_ERROR;
				CLANG_WARN_RANGE_LOOP_ANALYSIS = YES;
				CLANG_WARN_STRICT_PROTOTYPES = YES;
				CLANG_WARN_SUSPICIOUS_MOVE = YES;
				CLANG_WARN_UNGUARDED_AVAILABILITY = YES_AGGRESSIVE;
				CLANG_WARN_UNREACHABLE_CODE = YES;
				CLANG_WARN__DUPLICATE_METHOD_MATCH = YES;
				CODE_SIGN_STYLE = Automatic;
				COPY_PHASE_STRIP = NO;
				DEBUG_INFORMATION_FORMAT = "dwarf-with-dsym";
				ENABLE_NS_ASSERTIONS = NO;
				ENABLE_STRICT_OBJC_MSGSEND = YES;
				GCC_C_LANGUAGE_STANDARD = gnu11;
				GCC_NO_COMMON_BLOCKS = YES;
				GCC_WARN_64_TO_32_BIT_CONVERSION = YES;
				GCC_WARN_ABOUT_RETURN_TYPE = YES_ERROR;
				GCC_WARN_UNDECLARED_SELECTOR = YES;
				GCC_WARN_UNINITIALIZED_AUTOS = YES_AGGRESSIVE;
				GCC_WARN_UNUSED_FUNCTION = YES;
				GCC_WARN_UNUSED_VARIABLE = YES;
				INFOPLIST_FILE = "yearglass-tvOS/Info.plist";
				LD_RUNPATH_SEARCH_PATHS = "$(inherited) @executable_path/Frameworks";
				MTL_ENABLE_DEBUG_INFO = NO;
				PRODUCT_BUNDLE_IDENTIFIER = "io.github.apollozhu.yearglass-tvOS";
				PRODUCT_NAME = "$(TARGET_NAME)";
				SDKROOT = appletvos;
				SWIFT_OPTIMIZATION_LEVEL = "-Owholemodule";
				SWIFT_VERSION = 4.0;
				TARGETED_DEVICE_FAMILY = 3;
				TVOS_DEPLOYMENT_TARGET = 11.2;
				VALIDATE_PRODUCT = YES;
			};
			name = Release;
		};
		5262699E1FF02DA0009E2EC3 /* Debug */ = {
			isa = XCBuildConfiguration;
			buildSettings = {
				ALWAYS_EMBED_SWIFT_STANDARD_LIBRARIES = YES;
				ALWAYS_SEARCH_USER_PATHS = NO;
				ASSETCATALOG_COMPILER_APPICON_NAME = AppIcon;
				CLANG_ANALYZER_NONNULL = YES;
				CLANG_ANALYZER_NUMBER_OBJECT_CONVERSION = YES_AGGRESSIVE;
				CLANG_CXX_LANGUAGE_STANDARD = "gnu++14";
				CLANG_CXX_LIBRARY = "libc++";
				CLANG_ENABLE_MODULES = YES;
				CLANG_ENABLE_OBJC_ARC = YES;
				CLANG_WARN_BLOCK_CAPTURE_AUTORELEASING = YES;
				CLANG_WARN_BOOL_CONVERSION = YES;
				CLANG_WARN_COMMA = YES;
				CLANG_WARN_CONSTANT_CONVERSION = YES;
				CLANG_WARN_DIRECT_OBJC_ISA_USAGE = YES_ERROR;
				CLANG_WARN_DOCUMENTATION_COMMENTS = YES;
				CLANG_WARN_EMPTY_BODY = YES;
				CLANG_WARN_ENUM_CONVERSION = YES;
				CLANG_WARN_INFINITE_RECURSION = YES;
				CLANG_WARN_INT_CONVERSION = YES;
				CLANG_WARN_NON_LITERAL_NULL_CONVERSION = YES;
				CLANG_WARN_OBJC_LITERAL_CONVERSION = YES;
				CLANG_WARN_OBJC_ROOT_CLASS = YES_ERROR;
				CLANG_WARN_RANGE_LOOP_ANALYSIS = YES;
				CLANG_WARN_STRICT_PROTOTYPES = YES;
				CLANG_WARN_SUSPICIOUS_MOVE = YES;
				CLANG_WARN_UNGUARDED_AVAILABILITY = YES_AGGRESSIVE;
				CLANG_WARN_UNREACHABLE_CODE = YES;
				CLANG_WARN__DUPLICATE_METHOD_MATCH = YES;
				CODE_SIGN_ENTITLEMENTS = "yearglass-macOS/yearglass_macOS.entitlements";
				CODE_SIGN_IDENTITY = "-";
				CODE_SIGN_STYLE = Automatic;
				COMBINE_HIDPI_IMAGES = YES;
				COPY_PHASE_STRIP = NO;
				DEBUG_INFORMATION_FORMAT = dwarf;
				ENABLE_STRICT_OBJC_MSGSEND = YES;
				ENABLE_TESTABILITY = YES;
				GCC_C_LANGUAGE_STANDARD = gnu11;
				GCC_DYNAMIC_NO_PIC = NO;
				GCC_NO_COMMON_BLOCKS = YES;
				GCC_OPTIMIZATION_LEVEL = 0;
				GCC_PREPROCESSOR_DEFINITIONS = (
					"DEBUG=1",
					"$(inherited)",
				);
				GCC_WARN_64_TO_32_BIT_CONVERSION = YES;
				GCC_WARN_ABOUT_RETURN_TYPE = YES_ERROR;
				GCC_WARN_UNDECLARED_SELECTOR = YES;
				GCC_WARN_UNINITIALIZED_AUTOS = YES_AGGRESSIVE;
				GCC_WARN_UNUSED_FUNCTION = YES;
				GCC_WARN_UNUSED_VARIABLE = YES;
				INFOPLIST_FILE = "yearglass-macOS/Info.plist";
				LD_RUNPATH_SEARCH_PATHS = "$(inherited) @executable_path/../Frameworks";
				MACOSX_DEPLOYMENT_TARGET = 10.13;
				MTL_ENABLE_DEBUG_INFO = YES;
				ONLY_ACTIVE_ARCH = YES;
				PRODUCT_BUNDLE_IDENTIFIER = "io.github.apollozhu.yearglass-macOS";
				PRODUCT_NAME = "$(TARGET_NAME)";
				SDKROOT = macosx;
				SWIFT_ACTIVE_COMPILATION_CONDITIONS = DEBUG;
				SWIFT_OPTIMIZATION_LEVEL = "-Onone";
				SWIFT_VERSION = 4.0;
			};
			name = Debug;
		};
		5262699F1FF02DA0009E2EC3 /* Release */ = {
			isa = XCBuildConfiguration;
			buildSettings = {
				ALWAYS_EMBED_SWIFT_STANDARD_LIBRARIES = YES;
				ALWAYS_SEARCH_USER_PATHS = NO;
				ASSETCATALOG_COMPILER_APPICON_NAME = AppIcon;
				CLANG_ANALYZER_NONNULL = YES;
				CLANG_ANALYZER_NUMBER_OBJECT_CONVERSION = YES_AGGRESSIVE;
				CLANG_CXX_LANGUAGE_STANDARD = "gnu++14";
				CLANG_CXX_LIBRARY = "libc++";
				CLANG_ENABLE_MODULES = YES;
				CLANG_ENABLE_OBJC_ARC = YES;
				CLANG_WARN_BLOCK_CAPTURE_AUTORELEASING = YES;
				CLANG_WARN_BOOL_CONVERSION = YES;
				CLANG_WARN_COMMA = YES;
				CLANG_WARN_CONSTANT_CONVERSION = YES;
				CLANG_WARN_DIRECT_OBJC_ISA_USAGE = YES_ERROR;
				CLANG_WARN_DOCUMENTATION_COMMENTS = YES;
				CLANG_WARN_EMPTY_BODY = YES;
				CLANG_WARN_ENUM_CONVERSION = YES;
				CLANG_WARN_INFINITE_RECURSION = YES;
				CLANG_WARN_INT_CONVERSION = YES;
				CLANG_WARN_NON_LITERAL_NULL_CONVERSION = YES;
				CLANG_WARN_OBJC_LITERAL_CONVERSION = YES;
				CLANG_WARN_OBJC_ROOT_CLASS = YES_ERROR;
				CLANG_WARN_RANGE_LOOP_ANALYSIS = YES;
				CLANG_WARN_STRICT_PROTOTYPES = YES;
				CLANG_WARN_SUSPICIOUS_MOVE = YES;
				CLANG_WARN_UNGUARDED_AVAILABILITY = YES_AGGRESSIVE;
				CLANG_WARN_UNREACHABLE_CODE = YES;
				CLANG_WARN__DUPLICATE_METHOD_MATCH = YES;
				CODE_SIGN_ENTITLEMENTS = "yearglass-macOS/yearglass_macOS.entitlements";
				CODE_SIGN_IDENTITY = "-";
				CODE_SIGN_STYLE = Automatic;
				COMBINE_HIDPI_IMAGES = YES;
				COPY_PHASE_STRIP = NO;
				DEBUG_INFORMATION_FORMAT = "dwarf-with-dsym";
				ENABLE_NS_ASSERTIONS = NO;
				ENABLE_STRICT_OBJC_MSGSEND = YES;
				GCC_C_LANGUAGE_STANDARD = gnu11;
				GCC_NO_COMMON_BLOCKS = YES;
				GCC_WARN_64_TO_32_BIT_CONVERSION = YES;
				GCC_WARN_ABOUT_RETURN_TYPE = YES_ERROR;
				GCC_WARN_UNDECLARED_SELECTOR = YES;
				GCC_WARN_UNINITIALIZED_AUTOS = YES_AGGRESSIVE;
				GCC_WARN_UNUSED_FUNCTION = YES;
				GCC_WARN_UNUSED_VARIABLE = YES;
				INFOPLIST_FILE = "yearglass-macOS/Info.plist";
				LD_RUNPATH_SEARCH_PATHS = "$(inherited) @executable_path/../Frameworks";
				MACOSX_DEPLOYMENT_TARGET = 10.13;
				MTL_ENABLE_DEBUG_INFO = NO;
				PRODUCT_BUNDLE_IDENTIFIER = "io.github.apollozhu.yearglass-macOS";
				PRODUCT_NAME = "$(TARGET_NAME)";
				SDKROOT = macosx;
				SWIFT_OPTIMIZATION_LEVEL = "-Owholemodule";
				SWIFT_VERSION = 4.0;
			};
			name = Release;
		};
		526269A91FF02DC0009E2EC3 /* Debug */ = {
			isa = XCBuildConfiguration;
			buildSettings = {
				ALWAYS_SEARCH_USER_PATHS = NO;
				CLANG_ANALYZER_NONNULL = YES;
				CLANG_ANALYZER_NUMBER_OBJECT_CONVERSION = YES_AGGRESSIVE;
				CLANG_CXX_LANGUAGE_STANDARD = "gnu++14";
				CLANG_CXX_LIBRARY = "libc++";
				CLANG_ENABLE_MODULES = YES;
				CLANG_ENABLE_OBJC_ARC = YES;
				CLANG_WARN_BLOCK_CAPTURE_AUTORELEASING = YES;
				CLANG_WARN_BOOL_CONVERSION = YES;
				CLANG_WARN_COMMA = YES;
				CLANG_WARN_CONSTANT_CONVERSION = YES;
				CLANG_WARN_DIRECT_OBJC_ISA_USAGE = YES_ERROR;
				CLANG_WARN_DOCUMENTATION_COMMENTS = YES;
				CLANG_WARN_EMPTY_BODY = YES;
				CLANG_WARN_ENUM_CONVERSION = YES;
				CLANG_WARN_INFINITE_RECURSION = YES;
				CLANG_WARN_INT_CONVERSION = YES;
				CLANG_WARN_NON_LITERAL_NULL_CONVERSION = YES;
				CLANG_WARN_OBJC_LITERAL_CONVERSION = YES;
				CLANG_WARN_OBJC_ROOT_CLASS = YES_ERROR;
				CLANG_WARN_RANGE_LOOP_ANALYSIS = YES;
				CLANG_WARN_STRICT_PROTOTYPES = YES;
				CLANG_WARN_SUSPICIOUS_MOVE = YES;
				CLANG_WARN_UNGUARDED_AVAILABILITY = YES_AGGRESSIVE;
				CLANG_WARN_UNREACHABLE_CODE = YES;
				CLANG_WARN__DUPLICATE_METHOD_MATCH = YES;
				CODE_SIGN_IDENTITY = "-";
				CODE_SIGN_STYLE = Automatic;
				COPY_PHASE_STRIP = NO;
				DEBUG_INFORMATION_FORMAT = dwarf;
				ENABLE_STRICT_OBJC_MSGSEND = YES;
				ENABLE_TESTABILITY = YES;
				GCC_C_LANGUAGE_STANDARD = gnu11;
				GCC_DYNAMIC_NO_PIC = NO;
				GCC_NO_COMMON_BLOCKS = YES;
				GCC_OPTIMIZATION_LEVEL = 0;
				GCC_PREPROCESSOR_DEFINITIONS = (
					"DEBUG=1",
					"$(inherited)",
				);
				GCC_WARN_64_TO_32_BIT_CONVERSION = YES;
				GCC_WARN_ABOUT_RETURN_TYPE = YES_ERROR;
				GCC_WARN_UNDECLARED_SELECTOR = YES;
				GCC_WARN_UNINITIALIZED_AUTOS = YES_AGGRESSIVE;
				GCC_WARN_UNUSED_FUNCTION = YES;
				GCC_WARN_UNUSED_VARIABLE = YES;
				MACOSX_DEPLOYMENT_TARGET = 10.13;
				MTL_ENABLE_DEBUG_INFO = YES;
				ONLY_ACTIVE_ARCH = YES;
				PRODUCT_NAME = "$(TARGET_NAME)";
				SDKROOT = macosx;
				SWIFT_ACTIVE_COMPILATION_CONDITIONS = DEBUG;
				SWIFT_OPTIMIZATION_LEVEL = "-Onone";
				SWIFT_VERSION = 4.0;
			};
			name = Debug;
		};
		526269AA1FF02DC0009E2EC3 /* Release */ = {
			isa = XCBuildConfiguration;
			buildSettings = {
				ALWAYS_SEARCH_USER_PATHS = NO;
				CLANG_ANALYZER_NONNULL = YES;
				CLANG_ANALYZER_NUMBER_OBJECT_CONVERSION = YES_AGGRESSIVE;
				CLANG_CXX_LANGUAGE_STANDARD = "gnu++14";
				CLANG_CXX_LIBRARY = "libc++";
				CLANG_ENABLE_MODULES = YES;
				CLANG_ENABLE_OBJC_ARC = YES;
				CLANG_WARN_BLOCK_CAPTURE_AUTORELEASING = YES;
				CLANG_WARN_BOOL_CONVERSION = YES;
				CLANG_WARN_COMMA = YES;
				CLANG_WARN_CONSTANT_CONVERSION = YES;
				CLANG_WARN_DIRECT_OBJC_ISA_USAGE = YES_ERROR;
				CLANG_WARN_DOCUMENTATION_COMMENTS = YES;
				CLANG_WARN_EMPTY_BODY = YES;
				CLANG_WARN_ENUM_CONVERSION = YES;
				CLANG_WARN_INFINITE_RECURSION = YES;
				CLANG_WARN_INT_CONVERSION = YES;
				CLANG_WARN_NON_LITERAL_NULL_CONVERSION = YES;
				CLANG_WARN_OBJC_LITERAL_CONVERSION = YES;
				CLANG_WARN_OBJC_ROOT_CLASS = YES_ERROR;
				CLANG_WARN_RANGE_LOOP_ANALYSIS = YES;
				CLANG_WARN_STRICT_PROTOTYPES = YES;
				CLANG_WARN_SUSPICIOUS_MOVE = YES;
				CLANG_WARN_UNGUARDED_AVAILABILITY = YES_AGGRESSIVE;
				CLANG_WARN_UNREACHABLE_CODE = YES;
				CLANG_WARN__DUPLICATE_METHOD_MATCH = YES;
				CODE_SIGN_IDENTITY = "-";
				CODE_SIGN_STYLE = Automatic;
				COPY_PHASE_STRIP = NO;
				DEBUG_INFORMATION_FORMAT = "dwarf-with-dsym";
				ENABLE_NS_ASSERTIONS = NO;
				ENABLE_STRICT_OBJC_MSGSEND = YES;
				GCC_C_LANGUAGE_STANDARD = gnu11;
				GCC_NO_COMMON_BLOCKS = YES;
				GCC_WARN_64_TO_32_BIT_CONVERSION = YES;
				GCC_WARN_ABOUT_RETURN_TYPE = YES_ERROR;
				GCC_WARN_UNDECLARED_SELECTOR = YES;
				GCC_WARN_UNINITIALIZED_AUTOS = YES_AGGRESSIVE;
				GCC_WARN_UNUSED_FUNCTION = YES;
				GCC_WARN_UNUSED_VARIABLE = YES;
				MACOSX_DEPLOYMENT_TARGET = 10.13;
				MTL_ENABLE_DEBUG_INFO = NO;
				PRODUCT_NAME = "$(TARGET_NAME)";
				SDKROOT = macosx;
				SWIFT_OPTIMIZATION_LEVEL = "-Owholemodule";
				SWIFT_VERSION = 4.0;
			};
			name = Release;
		};
		526269B81FF02E0B009E2EC3 /* Debug */ = {
			isa = XCBuildConfiguration;
			buildSettings = {
				ALWAYS_SEARCH_USER_PATHS = NO;
				CLANG_ANALYZER_NONNULL = YES;
				CLANG_ANALYZER_NUMBER_OBJECT_CONVERSION = YES_AGGRESSIVE;
				CLANG_CXX_LANGUAGE_STANDARD = "gnu++14";
				CLANG_CXX_LIBRARY = "libc++";
				CLANG_ENABLE_MODULES = YES;
				CLANG_ENABLE_OBJC_ARC = YES;
				CLANG_WARN_BLOCK_CAPTURE_AUTORELEASING = YES;
				CLANG_WARN_BOOL_CONVERSION = YES;
				CLANG_WARN_COMMA = YES;
				CLANG_WARN_CONSTANT_CONVERSION = YES;
				CLANG_WARN_DIRECT_OBJC_ISA_USAGE = YES_ERROR;
				CLANG_WARN_DOCUMENTATION_COMMENTS = YES;
				CLANG_WARN_EMPTY_BODY = YES;
				CLANG_WARN_ENUM_CONVERSION = YES;
				CLANG_WARN_INFINITE_RECURSION = YES;
				CLANG_WARN_INT_CONVERSION = YES;
				CLANG_WARN_NON_LITERAL_NULL_CONVERSION = YES;
				CLANG_WARN_OBJC_LITERAL_CONVERSION = YES;
				CLANG_WARN_OBJC_ROOT_CLASS = YES_ERROR;
				CLANG_WARN_RANGE_LOOP_ANALYSIS = YES;
				CLANG_WARN_STRICT_PROTOTYPES = YES;
				CLANG_WARN_SUSPICIOUS_MOVE = YES;
				CLANG_WARN_UNGUARDED_AVAILABILITY = YES_AGGRESSIVE;
				CLANG_WARN_UNREACHABLE_CODE = YES;
				CLANG_WARN__DUPLICATE_METHOD_MATCH = YES;
				CODE_SIGN_IDENTITY = "-";
				CODE_SIGN_STYLE = Automatic;
				COMBINE_HIDPI_IMAGES = YES;
				COPY_PHASE_STRIP = NO;
				DEBUG_INFORMATION_FORMAT = dwarf;
				ENABLE_STRICT_OBJC_MSGSEND = YES;
				ENABLE_TESTABILITY = YES;
				GCC_C_LANGUAGE_STANDARD = gnu11;
				GCC_DYNAMIC_NO_PIC = NO;
				GCC_NO_COMMON_BLOCKS = YES;
				GCC_OPTIMIZATION_LEVEL = 0;
				GCC_PREPROCESSOR_DEFINITIONS = (
					"DEBUG=1",
					"$(inherited)",
				);
				GCC_WARN_64_TO_32_BIT_CONVERSION = YES;
				GCC_WARN_ABOUT_RETURN_TYPE = YES_ERROR;
				GCC_WARN_UNDECLARED_SELECTOR = YES;
				GCC_WARN_UNINITIALIZED_AUTOS = YES_AGGRESSIVE;
				GCC_WARN_UNUSED_FUNCTION = YES;
				GCC_WARN_UNUSED_VARIABLE = YES;
				INFOPLIST_FILE = "yearglass-macOS Screen Saver/Info.plist";
				INSTALL_PATH = "$(HOME)/Library/Screen Savers";
				MACOSX_DEPLOYMENT_TARGET = 10.13;
				MTL_ENABLE_DEBUG_INFO = YES;
				ONLY_ACTIVE_ARCH = YES;
				PRODUCT_BUNDLE_IDENTIFIER = "io.github.apollozhu.yearglass-macOS-Screen-Saver";
				PRODUCT_NAME = "$(TARGET_NAME)";
				SDKROOT = macosx;
				WRAPPER_EXTENSION = saver;
			};
			name = Debug;
		};
		526269B91FF02E0B009E2EC3 /* Release */ = {
			isa = XCBuildConfiguration;
			buildSettings = {
				ALWAYS_SEARCH_USER_PATHS = NO;
				CLANG_ANALYZER_NONNULL = YES;
				CLANG_ANALYZER_NUMBER_OBJECT_CONVERSION = YES_AGGRESSIVE;
				CLANG_CXX_LANGUAGE_STANDARD = "gnu++14";
				CLANG_CXX_LIBRARY = "libc++";
				CLANG_ENABLE_MODULES = YES;
				CLANG_ENABLE_OBJC_ARC = YES;
				CLANG_WARN_BLOCK_CAPTURE_AUTORELEASING = YES;
				CLANG_WARN_BOOL_CONVERSION = YES;
				CLANG_WARN_COMMA = YES;
				CLANG_WARN_CONSTANT_CONVERSION = YES;
				CLANG_WARN_DIRECT_OBJC_ISA_USAGE = YES_ERROR;
				CLANG_WARN_DOCUMENTATION_COMMENTS = YES;
				CLANG_WARN_EMPTY_BODY = YES;
				CLANG_WARN_ENUM_CONVERSION = YES;
				CLANG_WARN_INFINITE_RECURSION = YES;
				CLANG_WARN_INT_CONVERSION = YES;
				CLANG_WARN_NON_LITERAL_NULL_CONVERSION = YES;
				CLANG_WARN_OBJC_LITERAL_CONVERSION = YES;
				CLANG_WARN_OBJC_ROOT_CLASS = YES_ERROR;
				CLANG_WARN_RANGE_LOOP_ANALYSIS = YES;
				CLANG_WARN_STRICT_PROTOTYPES = YES;
				CLANG_WARN_SUSPICIOUS_MOVE = YES;
				CLANG_WARN_UNGUARDED_AVAILABILITY = YES_AGGRESSIVE;
				CLANG_WARN_UNREACHABLE_CODE = YES;
				CLANG_WARN__DUPLICATE_METHOD_MATCH = YES;
				CODE_SIGN_IDENTITY = "-";
				CODE_SIGN_STYLE = Automatic;
				COMBINE_HIDPI_IMAGES = YES;
				COPY_PHASE_STRIP = NO;
				DEBUG_INFORMATION_FORMAT = "dwarf-with-dsym";
				ENABLE_NS_ASSERTIONS = NO;
				ENABLE_STRICT_OBJC_MSGSEND = YES;
				GCC_C_LANGUAGE_STANDARD = gnu11;
				GCC_NO_COMMON_BLOCKS = YES;
				GCC_WARN_64_TO_32_BIT_CONVERSION = YES;
				GCC_WARN_ABOUT_RETURN_TYPE = YES_ERROR;
				GCC_WARN_UNDECLARED_SELECTOR = YES;
				GCC_WARN_UNINITIALIZED_AUTOS = YES_AGGRESSIVE;
				GCC_WARN_UNUSED_FUNCTION = YES;
				GCC_WARN_UNUSED_VARIABLE = YES;
				INFOPLIST_FILE = "yearglass-macOS Screen Saver/Info.plist";
				INSTALL_PATH = "$(HOME)/Library/Screen Savers";
				MACOSX_DEPLOYMENT_TARGET = 10.13;
				MTL_ENABLE_DEBUG_INFO = NO;
				PRODUCT_BUNDLE_IDENTIFIER = "io.github.apollozhu.yearglass-macOS-Screen-Saver";
				PRODUCT_NAME = "$(TARGET_NAME)";
				SDKROOT = macosx;
				WRAPPER_EXTENSION = saver;
			};
			name = Release;
		};
		526269D31FF02F36009E2EC3 /* Debug */ = {
			isa = XCBuildConfiguration;
			buildSettings = {
				ALWAYS_SEARCH_USER_PATHS = NO;
				ASSETCATALOG_COMPILER_APPICON_NAME = "iMessage App Icon";
				CLANG_ANALYZER_NONNULL = YES;
				CLANG_ANALYZER_NUMBER_OBJECT_CONVERSION = YES_AGGRESSIVE;
				CLANG_CXX_LANGUAGE_STANDARD = "gnu++14";
				CLANG_CXX_LIBRARY = "libc++";
				CLANG_ENABLE_MODULES = YES;
				CLANG_ENABLE_OBJC_ARC = YES;
				CLANG_WARN_BLOCK_CAPTURE_AUTORELEASING = YES;
				CLANG_WARN_BOOL_CONVERSION = YES;
				CLANG_WARN_COMMA = YES;
				CLANG_WARN_CONSTANT_CONVERSION = YES;
				CLANG_WARN_DIRECT_OBJC_ISA_USAGE = YES_ERROR;
				CLANG_WARN_DOCUMENTATION_COMMENTS = YES;
				CLANG_WARN_EMPTY_BODY = YES;
				CLANG_WARN_ENUM_CONVERSION = YES;
				CLANG_WARN_INFINITE_RECURSION = YES;
				CLANG_WARN_INT_CONVERSION = YES;
				CLANG_WARN_NON_LITERAL_NULL_CONVERSION = YES;
				CLANG_WARN_OBJC_LITERAL_CONVERSION = YES;
				CLANG_WARN_OBJC_ROOT_CLASS = YES_ERROR;
				CLANG_WARN_RANGE_LOOP_ANALYSIS = YES;
				CLANG_WARN_STRICT_PROTOTYPES = YES;
				CLANG_WARN_SUSPICIOUS_MOVE = YES;
				CLANG_WARN_UNGUARDED_AVAILABILITY = YES_AGGRESSIVE;
				CLANG_WARN_UNREACHABLE_CODE = YES;
				CLANG_WARN__DUPLICATE_METHOD_MATCH = YES;
				CODE_SIGN_IDENTITY = "iPhone Developer";
				CODE_SIGN_STYLE = Automatic;
				COPY_PHASE_STRIP = NO;
				DEBUG_INFORMATION_FORMAT = dwarf;
				ENABLE_STRICT_OBJC_MSGSEND = YES;
				ENABLE_TESTABILITY = YES;
				GCC_C_LANGUAGE_STANDARD = gnu11;
				GCC_DYNAMIC_NO_PIC = NO;
				GCC_NO_COMMON_BLOCKS = YES;
				GCC_OPTIMIZATION_LEVEL = 0;
				GCC_PREPROCESSOR_DEFINITIONS = (
					"DEBUG=1",
					"$(inherited)",
				);
				GCC_WARN_64_TO_32_BIT_CONVERSION = YES;
				GCC_WARN_ABOUT_RETURN_TYPE = YES_ERROR;
				GCC_WARN_UNDECLARED_SELECTOR = YES;
				GCC_WARN_UNINITIALIZED_AUTOS = YES_AGGRESSIVE;
				GCC_WARN_UNUSED_FUNCTION = YES;
				GCC_WARN_UNUSED_VARIABLE = YES;
				INFOPLIST_FILE = "yearglass-iOS iMessage Extension/Info.plist";
				IPHONEOS_DEPLOYMENT_TARGET = 11.2;
				LD_RUNPATH_SEARCH_PATHS = "$(inherited) @executable_path/Frameworks @executable_path/../../Frameworks";
				MTL_ENABLE_DEBUG_INFO = YES;
				ONLY_ACTIVE_ARCH = YES;
				PRODUCT_BUNDLE_IDENTIFIER = "io.github.apollozhu.yearglass-iOS.yearglass-iOS-iMessage-Extension";
				PRODUCT_NAME = "$(TARGET_NAME)";
				SDKROOT = iphoneos;
				SKIP_INSTALL = YES;
				SWIFT_ACTIVE_COMPILATION_CONDITIONS = DEBUG;
				SWIFT_OPTIMIZATION_LEVEL = "-Onone";
				SWIFT_VERSION = 4.0;
				TARGETED_DEVICE_FAMILY = "1,2";
			};
			name = Debug;
		};
		526269D41FF02F36009E2EC3 /* Release */ = {
			isa = XCBuildConfiguration;
			buildSettings = {
				ALWAYS_SEARCH_USER_PATHS = NO;
				ASSETCATALOG_COMPILER_APPICON_NAME = "iMessage App Icon";
				CLANG_ANALYZER_NONNULL = YES;
				CLANG_ANALYZER_NUMBER_OBJECT_CONVERSION = YES_AGGRESSIVE;
				CLANG_CXX_LANGUAGE_STANDARD = "gnu++14";
				CLANG_CXX_LIBRARY = "libc++";
				CLANG_ENABLE_MODULES = YES;
				CLANG_ENABLE_OBJC_ARC = YES;
				CLANG_WARN_BLOCK_CAPTURE_AUTORELEASING = YES;
				CLANG_WARN_BOOL_CONVERSION = YES;
				CLANG_WARN_COMMA = YES;
				CLANG_WARN_CONSTANT_CONVERSION = YES;
				CLANG_WARN_DIRECT_OBJC_ISA_USAGE = YES_ERROR;
				CLANG_WARN_DOCUMENTATION_COMMENTS = YES;
				CLANG_WARN_EMPTY_BODY = YES;
				CLANG_WARN_ENUM_CONVERSION = YES;
				CLANG_WARN_INFINITE_RECURSION = YES;
				CLANG_WARN_INT_CONVERSION = YES;
				CLANG_WARN_NON_LITERAL_NULL_CONVERSION = YES;
				CLANG_WARN_OBJC_LITERAL_CONVERSION = YES;
				CLANG_WARN_OBJC_ROOT_CLASS = YES_ERROR;
				CLANG_WARN_RANGE_LOOP_ANALYSIS = YES;
				CLANG_WARN_STRICT_PROTOTYPES = YES;
				CLANG_WARN_SUSPICIOUS_MOVE = YES;
				CLANG_WARN_UNGUARDED_AVAILABILITY = YES_AGGRESSIVE;
				CLANG_WARN_UNREACHABLE_CODE = YES;
				CLANG_WARN__DUPLICATE_METHOD_MATCH = YES;
				CODE_SIGN_IDENTITY = "iPhone Developer";
				CODE_SIGN_STYLE = Automatic;
				COPY_PHASE_STRIP = NO;
				DEBUG_INFORMATION_FORMAT = "dwarf-with-dsym";
				ENABLE_NS_ASSERTIONS = NO;
				ENABLE_STRICT_OBJC_MSGSEND = YES;
				GCC_C_LANGUAGE_STANDARD = gnu11;
				GCC_NO_COMMON_BLOCKS = YES;
				GCC_WARN_64_TO_32_BIT_CONVERSION = YES;
				GCC_WARN_ABOUT_RETURN_TYPE = YES_ERROR;
				GCC_WARN_UNDECLARED_SELECTOR = YES;
				GCC_WARN_UNINITIALIZED_AUTOS = YES_AGGRESSIVE;
				GCC_WARN_UNUSED_FUNCTION = YES;
				GCC_WARN_UNUSED_VARIABLE = YES;
				INFOPLIST_FILE = "yearglass-iOS iMessage Extension/Info.plist";
				IPHONEOS_DEPLOYMENT_TARGET = 11.2;
				LD_RUNPATH_SEARCH_PATHS = "$(inherited) @executable_path/Frameworks @executable_path/../../Frameworks";
				MTL_ENABLE_DEBUG_INFO = NO;
				PRODUCT_BUNDLE_IDENTIFIER = "io.github.apollozhu.yearglass-iOS.yearglass-iOS-iMessage-Extension";
				PRODUCT_NAME = "$(TARGET_NAME)";
				SDKROOT = iphoneos;
				SKIP_INSTALL = YES;
				SWIFT_OPTIMIZATION_LEVEL = "-Owholemodule";
				SWIFT_VERSION = 4.0;
				TARGETED_DEVICE_FAMILY = "1,2";
				VALIDATE_PRODUCT = YES;
			};
			name = Release;
		};
		526269E81FF02F49009E2EC3 /* Debug */ = {
			isa = XCBuildConfiguration;
			buildSettings = {
				ALWAYS_SEARCH_USER_PATHS = NO;
				CLANG_ANALYZER_NONNULL = YES;
				CLANG_ANALYZER_NUMBER_OBJECT_CONVERSION = YES_AGGRESSIVE;
				CLANG_CXX_LANGUAGE_STANDARD = "gnu++14";
				CLANG_CXX_LIBRARY = "libc++";
				CLANG_ENABLE_MODULES = YES;
				CLANG_ENABLE_OBJC_ARC = YES;
				CLANG_WARN_BLOCK_CAPTURE_AUTORELEASING = YES;
				CLANG_WARN_BOOL_CONVERSION = YES;
				CLANG_WARN_COMMA = YES;
				CLANG_WARN_CONSTANT_CONVERSION = YES;
				CLANG_WARN_DIRECT_OBJC_ISA_USAGE = YES_ERROR;
				CLANG_WARN_DOCUMENTATION_COMMENTS = YES;
				CLANG_WARN_EMPTY_BODY = YES;
				CLANG_WARN_ENUM_CONVERSION = YES;
				CLANG_WARN_INFINITE_RECURSION = YES;
				CLANG_WARN_INT_CONVERSION = YES;
				CLANG_WARN_NON_LITERAL_NULL_CONVERSION = YES;
				CLANG_WARN_OBJC_LITERAL_CONVERSION = YES;
				CLANG_WARN_OBJC_ROOT_CLASS = YES_ERROR;
				CLANG_WARN_RANGE_LOOP_ANALYSIS = YES;
				CLANG_WARN_STRICT_PROTOTYPES = YES;
				CLANG_WARN_SUSPICIOUS_MOVE = YES;
				CLANG_WARN_UNGUARDED_AVAILABILITY = YES_AGGRESSIVE;
				CLANG_WARN_UNREACHABLE_CODE = YES;
				CLANG_WARN__DUPLICATE_METHOD_MATCH = YES;
				CODE_SIGN_IDENTITY = "iPhone Developer";
				CODE_SIGN_STYLE = Automatic;
				COPY_PHASE_STRIP = NO;
				DEBUG_INFORMATION_FORMAT = dwarf;
				ENABLE_STRICT_OBJC_MSGSEND = YES;
				ENABLE_TESTABILITY = YES;
				GCC_C_LANGUAGE_STANDARD = gnu11;
				GCC_DYNAMIC_NO_PIC = NO;
				GCC_NO_COMMON_BLOCKS = YES;
				GCC_OPTIMIZATION_LEVEL = 0;
				GCC_PREPROCESSOR_DEFINITIONS = (
					"DEBUG=1",
					"$(inherited)",
				);
				GCC_WARN_64_TO_32_BIT_CONVERSION = YES;
				GCC_WARN_ABOUT_RETURN_TYPE = YES_ERROR;
				GCC_WARN_UNDECLARED_SELECTOR = YES;
				GCC_WARN_UNINITIALIZED_AUTOS = YES_AGGRESSIVE;
				GCC_WARN_UNUSED_FUNCTION = YES;
				GCC_WARN_UNUSED_VARIABLE = YES;
				INFOPLIST_FILE = "yearglass-iOS Today Extension/Info.plist";
				IPHONEOS_DEPLOYMENT_TARGET = 11.2;
				LD_RUNPATH_SEARCH_PATHS = "$(inherited) @executable_path/Frameworks @executable_path/../../Frameworks";
				MTL_ENABLE_DEBUG_INFO = YES;
				ONLY_ACTIVE_ARCH = YES;
				PRODUCT_BUNDLE_IDENTIFIER = "io.github.apollozhu.yearglass-iOS.yearglass-iOS-Today-Extension";
				PRODUCT_NAME = "$(TARGET_NAME)";
				SDKROOT = iphoneos;
				SKIP_INSTALL = YES;
				SWIFT_ACTIVE_COMPILATION_CONDITIONS = DEBUG;
				SWIFT_OPTIMIZATION_LEVEL = "-Onone";
				SWIFT_VERSION = 4.0;
				TARGETED_DEVICE_FAMILY = "1,2";
			};
			name = Debug;
		};
		526269E91FF02F49009E2EC3 /* Release */ = {
			isa = XCBuildConfiguration;
			buildSettings = {
				ALWAYS_SEARCH_USER_PATHS = NO;
				CLANG_ANALYZER_NONNULL = YES;
				CLANG_ANALYZER_NUMBER_OBJECT_CONVERSION = YES_AGGRESSIVE;
				CLANG_CXX_LANGUAGE_STANDARD = "gnu++14";
				CLANG_CXX_LIBRARY = "libc++";
				CLANG_ENABLE_MODULES = YES;
				CLANG_ENABLE_OBJC_ARC = YES;
				CLANG_WARN_BLOCK_CAPTURE_AUTORELEASING = YES;
				CLANG_WARN_BOOL_CONVERSION = YES;
				CLANG_WARN_COMMA = YES;
				CLANG_WARN_CONSTANT_CONVERSION = YES;
				CLANG_WARN_DIRECT_OBJC_ISA_USAGE = YES_ERROR;
				CLANG_WARN_DOCUMENTATION_COMMENTS = YES;
				CLANG_WARN_EMPTY_BODY = YES;
				CLANG_WARN_ENUM_CONVERSION = YES;
				CLANG_WARN_INFINITE_RECURSION = YES;
				CLANG_WARN_INT_CONVERSION = YES;
				CLANG_WARN_NON_LITERAL_NULL_CONVERSION = YES;
				CLANG_WARN_OBJC_LITERAL_CONVERSION = YES;
				CLANG_WARN_OBJC_ROOT_CLASS = YES_ERROR;
				CLANG_WARN_RANGE_LOOP_ANALYSIS = YES;
				CLANG_WARN_STRICT_PROTOTYPES = YES;
				CLANG_WARN_SUSPICIOUS_MOVE = YES;
				CLANG_WARN_UNGUARDED_AVAILABILITY = YES_AGGRESSIVE;
				CLANG_WARN_UNREACHABLE_CODE = YES;
				CLANG_WARN__DUPLICATE_METHOD_MATCH = YES;
				CODE_SIGN_IDENTITY = "iPhone Developer";
				CODE_SIGN_STYLE = Automatic;
				COPY_PHASE_STRIP = NO;
				DEBUG_INFORMATION_FORMAT = "dwarf-with-dsym";
				ENABLE_NS_ASSERTIONS = NO;
				ENABLE_STRICT_OBJC_MSGSEND = YES;
				GCC_C_LANGUAGE_STANDARD = gnu11;
				GCC_NO_COMMON_BLOCKS = YES;
				GCC_WARN_64_TO_32_BIT_CONVERSION = YES;
				GCC_WARN_ABOUT_RETURN_TYPE = YES_ERROR;
				GCC_WARN_UNDECLARED_SELECTOR = YES;
				GCC_WARN_UNINITIALIZED_AUTOS = YES_AGGRESSIVE;
				GCC_WARN_UNUSED_FUNCTION = YES;
				GCC_WARN_UNUSED_VARIABLE = YES;
				INFOPLIST_FILE = "yearglass-iOS Today Extension/Info.plist";
				IPHONEOS_DEPLOYMENT_TARGET = 11.2;
				LD_RUNPATH_SEARCH_PATHS = "$(inherited) @executable_path/Frameworks @executable_path/../../Frameworks";
				MTL_ENABLE_DEBUG_INFO = NO;
				PRODUCT_BUNDLE_IDENTIFIER = "io.github.apollozhu.yearglass-iOS.yearglass-iOS-Today-Extension";
				PRODUCT_NAME = "$(TARGET_NAME)";
				SDKROOT = iphoneos;
				SKIP_INSTALL = YES;
				SWIFT_OPTIMIZATION_LEVEL = "-Owholemodule";
				SWIFT_VERSION = 4.0;
				TARGETED_DEVICE_FAMILY = "1,2";
				VALIDATE_PRODUCT = YES;
			};
			name = Release;
		};
		526269FF1FF02FAD009E2EC3 /* Debug */ = {
			isa = XCBuildConfiguration;
			buildSettings = {
				ALWAYS_SEARCH_USER_PATHS = NO;
				CLANG_ANALYZER_NONNULL = YES;
				CLANG_ANALYZER_NUMBER_OBJECT_CONVERSION = YES_AGGRESSIVE;
				CLANG_CXX_LANGUAGE_STANDARD = "gnu++14";
				CLANG_CXX_LIBRARY = "libc++";
				CLANG_ENABLE_MODULES = YES;
				CLANG_ENABLE_OBJC_ARC = YES;
				CLANG_WARN_BLOCK_CAPTURE_AUTORELEASING = YES;
				CLANG_WARN_BOOL_CONVERSION = YES;
				CLANG_WARN_COMMA = YES;
				CLANG_WARN_CONSTANT_CONVERSION = YES;
				CLANG_WARN_DIRECT_OBJC_ISA_USAGE = YES_ERROR;
				CLANG_WARN_DOCUMENTATION_COMMENTS = YES;
				CLANG_WARN_EMPTY_BODY = YES;
				CLANG_WARN_ENUM_CONVERSION = YES;
				CLANG_WARN_INFINITE_RECURSION = YES;
				CLANG_WARN_INT_CONVERSION = YES;
				CLANG_WARN_NON_LITERAL_NULL_CONVERSION = YES;
				CLANG_WARN_OBJC_LITERAL_CONVERSION = YES;
				CLANG_WARN_OBJC_ROOT_CLASS = YES_ERROR;
				CLANG_WARN_RANGE_LOOP_ANALYSIS = YES;
				CLANG_WARN_STRICT_PROTOTYPES = YES;
				CLANG_WARN_SUSPICIOUS_MOVE = YES;
				CLANG_WARN_UNGUARDED_AVAILABILITY = YES_AGGRESSIVE;
				CLANG_WARN_UNREACHABLE_CODE = YES;
				CLANG_WARN__DUPLICATE_METHOD_MATCH = YES;
				CODE_SIGN_ENTITLEMENTS = "yearglass-macOS Today Extension/yearglass_macOS_Today_Extension.entitlements";
				CODE_SIGN_IDENTITY = "-";
				CODE_SIGN_STYLE = Automatic;
				COMBINE_HIDPI_IMAGES = YES;
				COPY_PHASE_STRIP = NO;
				DEBUG_INFORMATION_FORMAT = dwarf;
				ENABLE_STRICT_OBJC_MSGSEND = YES;
				ENABLE_TESTABILITY = YES;
				GCC_C_LANGUAGE_STANDARD = gnu11;
				GCC_DYNAMIC_NO_PIC = NO;
				GCC_NO_COMMON_BLOCKS = YES;
				GCC_OPTIMIZATION_LEVEL = 0;
				GCC_PREPROCESSOR_DEFINITIONS = (
					"DEBUG=1",
					"$(inherited)",
				);
				GCC_WARN_64_TO_32_BIT_CONVERSION = YES;
				GCC_WARN_ABOUT_RETURN_TYPE = YES_ERROR;
				GCC_WARN_UNDECLARED_SELECTOR = YES;
				GCC_WARN_UNINITIALIZED_AUTOS = YES_AGGRESSIVE;
				GCC_WARN_UNUSED_FUNCTION = YES;
				GCC_WARN_UNUSED_VARIABLE = YES;
				INFOPLIST_FILE = "yearglass-macOS Today Extension/Info.plist";
				LD_RUNPATH_SEARCH_PATHS = "$(inherited) @executable_path/../Frameworks @executable_path/../../../../Frameworks";
				MACOSX_DEPLOYMENT_TARGET = 10.13;
				MTL_ENABLE_DEBUG_INFO = YES;
				ONLY_ACTIVE_ARCH = YES;
				PRODUCT_BUNDLE_IDENTIFIER = "io.github.apollozhu.yearglass-macOS.yearglass-macOS-Today-Extension";
				PRODUCT_NAME = "$(TARGET_NAME)";
				SDKROOT = macosx;
				SKIP_INSTALL = YES;
				SWIFT_ACTIVE_COMPILATION_CONDITIONS = DEBUG;
				SWIFT_OPTIMIZATION_LEVEL = "-Onone";
				SWIFT_VERSION = 4.0;
			};
			name = Debug;
		};
		52626A001FF02FAD009E2EC3 /* Release */ = {
			isa = XCBuildConfiguration;
			buildSettings = {
				ALWAYS_SEARCH_USER_PATHS = NO;
				CLANG_ANALYZER_NONNULL = YES;
				CLANG_ANALYZER_NUMBER_OBJECT_CONVERSION = YES_AGGRESSIVE;
				CLANG_CXX_LANGUAGE_STANDARD = "gnu++14";
				CLANG_CXX_LIBRARY = "libc++";
				CLANG_ENABLE_MODULES = YES;
				CLANG_ENABLE_OBJC_ARC = YES;
				CLANG_WARN_BLOCK_CAPTURE_AUTORELEASING = YES;
				CLANG_WARN_BOOL_CONVERSION = YES;
				CLANG_WARN_COMMA = YES;
				CLANG_WARN_CONSTANT_CONVERSION = YES;
				CLANG_WARN_DIRECT_OBJC_ISA_USAGE = YES_ERROR;
				CLANG_WARN_DOCUMENTATION_COMMENTS = YES;
				CLANG_WARN_EMPTY_BODY = YES;
				CLANG_WARN_ENUM_CONVERSION = YES;
				CLANG_WARN_INFINITE_RECURSION = YES;
				CLANG_WARN_INT_CONVERSION = YES;
				CLANG_WARN_NON_LITERAL_NULL_CONVERSION = YES;
				CLANG_WARN_OBJC_LITERAL_CONVERSION = YES;
				CLANG_WARN_OBJC_ROOT_CLASS = YES_ERROR;
				CLANG_WARN_RANGE_LOOP_ANALYSIS = YES;
				CLANG_WARN_STRICT_PROTOTYPES = YES;
				CLANG_WARN_SUSPICIOUS_MOVE = YES;
				CLANG_WARN_UNGUARDED_AVAILABILITY = YES_AGGRESSIVE;
				CLANG_WARN_UNREACHABLE_CODE = YES;
				CLANG_WARN__DUPLICATE_METHOD_MATCH = YES;
				CODE_SIGN_ENTITLEMENTS = "yearglass-macOS Today Extension/yearglass_macOS_Today_Extension.entitlements";
				CODE_SIGN_IDENTITY = "-";
				CODE_SIGN_STYLE = Automatic;
				COMBINE_HIDPI_IMAGES = YES;
				COPY_PHASE_STRIP = NO;
				DEBUG_INFORMATION_FORMAT = "dwarf-with-dsym";
				ENABLE_NS_ASSERTIONS = NO;
				ENABLE_STRICT_OBJC_MSGSEND = YES;
				GCC_C_LANGUAGE_STANDARD = gnu11;
				GCC_NO_COMMON_BLOCKS = YES;
				GCC_WARN_64_TO_32_BIT_CONVERSION = YES;
				GCC_WARN_ABOUT_RETURN_TYPE = YES_ERROR;
				GCC_WARN_UNDECLARED_SELECTOR = YES;
				GCC_WARN_UNINITIALIZED_AUTOS = YES_AGGRESSIVE;
				GCC_WARN_UNUSED_FUNCTION = YES;
				GCC_WARN_UNUSED_VARIABLE = YES;
				INFOPLIST_FILE = "yearglass-macOS Today Extension/Info.plist";
				LD_RUNPATH_SEARCH_PATHS = "$(inherited) @executable_path/../Frameworks @executable_path/../../../../Frameworks";
				MACOSX_DEPLOYMENT_TARGET = 10.13;
				MTL_ENABLE_DEBUG_INFO = NO;
				PRODUCT_BUNDLE_IDENTIFIER = "io.github.apollozhu.yearglass-macOS.yearglass-macOS-Today-Extension";
				PRODUCT_NAME = "$(TARGET_NAME)";
				SDKROOT = macosx;
				SKIP_INSTALL = YES;
				SWIFT_OPTIMIZATION_LEVEL = "-Owholemodule";
				SWIFT_VERSION = 4.0;
			};
			name = Release;
		};
/* End XCBuildConfiguration section */

/* Begin XCConfigurationList section */
		526269351FF02CD9009E2EC3 /* Build configuration list for PBXProject "Yearglass Examples" */ = {
			isa = XCConfigurationList;
			buildConfigurations = (
				526269361FF02CD9009E2EC3 /* Debug */,
				526269371FF02CD9009E2EC3 /* Release */,
			);
			defaultConfigurationIsVisible = 0;
			defaultConfigurationName = Release;
		};
		5262694C1FF02D37009E2EC3 /* Build configuration list for PBXNativeTarget "yearglass-iOS" */ = {
			isa = XCConfigurationList;
			buildConfigurations = (
				5262694D1FF02D37009E2EC3 /* Debug */,
				5262694E1FF02D37009E2EC3 /* Release */,
			);
			defaultConfigurationIsVisible = 0;
			defaultConfigurationName = Release;
		};
		526269711FF02D5C009E2EC3 /* Build configuration list for PBXNativeTarget "yearglass-watchOS Extension" */ = {
			isa = XCConfigurationList;
			buildConfigurations = (
				526269721FF02D5C009E2EC3 /* Debug */,
				526269731FF02D5C009E2EC3 /* Release */,
			);
			defaultConfigurationIsVisible = 0;
			defaultConfigurationName = Release;
		};
		526269751FF02D5C009E2EC3 /* Build configuration list for PBXNativeTarget "yearglass-watchOS" */ = {
			isa = XCConfigurationList;
			buildConfigurations = (
				526269761FF02D5C009E2EC3 /* Debug */,
				526269771FF02D5C009E2EC3 /* Release */,
			);
			defaultConfigurationIsVisible = 0;
			defaultConfigurationName = Release;
		};
		526269891FF02D7C009E2EC3 /* Build configuration list for PBXNativeTarget "yearglass-tvOS" */ = {
			isa = XCConfigurationList;
			buildConfigurations = (
				5262698A1FF02D7C009E2EC3 /* Debug */,
				5262698B1FF02D7C009E2EC3 /* Release */,
			);
			defaultConfigurationIsVisible = 0;
			defaultConfigurationName = Release;
		};
		5262699D1FF02DA0009E2EC3 /* Build configuration list for PBXNativeTarget "yearglass-macOS" */ = {
			isa = XCConfigurationList;
			buildConfigurations = (
				5262699E1FF02DA0009E2EC3 /* Debug */,
				5262699F1FF02DA0009E2EC3 /* Release */,
			);
			defaultConfigurationIsVisible = 0;
			defaultConfigurationName = Release;
		};
		526269A81FF02DC0009E2EC3 /* Build configuration list for PBXNativeTarget "yearglass-cli" */ = {
			isa = XCConfigurationList;
			buildConfigurations = (
				526269A91FF02DC0009E2EC3 /* Debug */,
				526269AA1FF02DC0009E2EC3 /* Release */,
			);
			defaultConfigurationIsVisible = 0;
			defaultConfigurationName = Release;
		};
		526269B71FF02E0B009E2EC3 /* Build configuration list for PBXNativeTarget "yearglass-macOS Screen Saver" */ = {
			isa = XCConfigurationList;
			buildConfigurations = (
				526269B81FF02E0B009E2EC3 /* Debug */,
				526269B91FF02E0B009E2EC3 /* Release */,
			);
			defaultConfigurationIsVisible = 0;
			defaultConfigurationName = Release;
		};
		526269D21FF02F36009E2EC3 /* Build configuration list for PBXNativeTarget "yearglass-iOS iMessage Extension" */ = {
			isa = XCConfigurationList;
			buildConfigurations = (
				526269D31FF02F36009E2EC3 /* Debug */,
				526269D41FF02F36009E2EC3 /* Release */,
			);
			defaultConfigurationIsVisible = 0;
			defaultConfigurationName = Release;
		};
		526269E71FF02F49009E2EC3 /* Build configuration list for PBXNativeTarget "yearglass-iOS Today Extension" */ = {
			isa = XCConfigurationList;
			buildConfigurations = (
				526269E81FF02F49009E2EC3 /* Debug */,
				526269E91FF02F49009E2EC3 /* Release */,
			);
			defaultConfigurationIsVisible = 0;
			defaultConfigurationName = Release;
		};
		526269FE1FF02FAD009E2EC3 /* Build configuration list for PBXNativeTarget "yearglass-macOS Today Extension" */ = {
			isa = XCConfigurationList;
			buildConfigurations = (
				526269FF1FF02FAD009E2EC3 /* Debug */,
				52626A001FF02FAD009E2EC3 /* Release */,
			);
			defaultConfigurationIsVisible = 0;
			defaultConfigurationName = Release;
		};
/* End XCConfigurationList section */
	};
	rootObject = 526269321FF02CD9009E2EC3 /* Project object */;
}
